
Microsoft Visual Studio Solution File, Format Version 12.00
# Visual Studio Version 16
VisualStudioVersion = 16.0.30907.101
MinimumVisualStudioVersion = 10.0.40219.1
Project("{9A19103F-16F7-4668-BE54-9A1E7A4F7556}") = "P42.Uno.HtmlWebViewExtensions", "P42.Uno.HtmlWebViewExtensions\P42.Uno.HtmlWebViewExtensions.csproj", "{E244872A-A5AD-4995-B5FD-0A8FF5463595}"
EndProject
Project("{2150E333-8FDC-42A3-9474-1A3956D46DE8}") = "Demo", "Demo", "{508E87FF-781A-43A8-B059-71936D8105B2}"
EndProject
Project("{D954291E-2A0B-460D-934E-DC6B0785DB48}") = "Demo.Shared", "Demo\Demo.Shared\Demo.Shared.shproj", "{6279C845-92F8-4333-AB99-3D213163593C}"
EndProject
Project("{FAE04EC0-301F-11D3-BF4B-00C04F79EFBC}") = "Demo.Droid", "Demo\Demo.Droid\Demo.Droid.csproj", "{57C79F15-35F5-4FED-8A4F-3D8BA235FD5C}"
EndProject
Project("{FAE04EC0-301F-11D3-BF4B-00C04F79EFBC}") = "Demo.iOS", "Demo\Demo.iOS\Demo.iOS.csproj", "{46F35095-12D6-4960-AA4F-7E2D7CD3981F}"
EndProject
Project("{FAE04EC0-301F-11D3-BF4B-00C04F79EFBC}") = "Demo.macOS", "Demo\Demo.macOS\Demo.macOS.csproj", "{0E752143-6BB4-477C-9016-08ECC5B3A2FB}"
EndProject
Project("{9A19103F-16F7-4668-BE54-9A1E7A4F7556}") = "Demo.Skia.Gtk", "Demo\Demo.Skia.Gtk\Demo.Skia.Gtk.csproj", "{44AA17EB-24F4-4D35-A0F3-2694A949FD54}"
EndProject
Project("{9A19103F-16F7-4668-BE54-9A1E7A4F7556}") = "Demo.Skia.Tizen", "Demo\Demo.Skia.Tizen\Demo.Skia.Tizen.csproj", "{640F7419-73FE-497B-A6FE-0AA1872AE7C0}"
EndProject
Project("{9A19103F-16F7-4668-BE54-9A1E7A4F7556}") = "Demo.Skia.Wpf", "Demo\Demo.Skia.Wpf\Demo.Skia.Wpf.csproj", "{32E7A59F-1805-4FBF-A119-D91F50E7E65B}"
EndProject
Project("{9A19103F-16F7-4668-BE54-9A1E7A4F7556}") = "Demo.Skia.Wpf.Host", "Demo\Demo.Skia.Wpf.Host\Demo.Skia.Wpf.Host.csproj", "{6ED68706-48FF-48FF-9FA9-F0950973763D}"
EndProject
Project("{FAE04EC0-301F-11D3-BF4B-00C04F79EFBC}") = "Demo.UWP", "Demo\Demo.UWP\Demo.UWP.csproj", "{5FD59525-3806-46E1-84DD-63C32BFFCE30}"
EndProject
Project("{9A19103F-16F7-4668-BE54-9A1E7A4F7556}") = "Demo.Wasm", "Demo\Demo.Wasm\Demo.Wasm.csproj", "{DAA1F70F-F262-4596-B207-923E2FD9EEF4}"
EndProject
Project("{9A19103F-16F7-4668-BE54-9A1E7A4F7556}") = "P42.Uno.Xamarin.Essentials", "P42.Uno.Xamarin.Essentials\Xamarin.Essentials\P42.Uno.Xamarin.Essentials.csproj", "{C1942F23-2D8F-4ECA-A208-7CEAD48DFFC3}"
EndProject
Project("{FAE04EC0-301F-11D3-BF4B-00C04F79EFBC}") = "P42.Uno.EmbeddedWebViewSource", "P42.Uno.EmbeddedWebViewSource\P42.Uno.EmbeddedWebViewSource.csproj", "{AD6F9467-BFF1-4DFE-8818-1AEBC505C0E1}"
EndProject
Global
	GlobalSection(SharedMSBuildProjectFiles) = preSolution
		Demo\Demo.Shared\Demo.Shared.projitems*{0e752143-6bb4-477c-9016-08ecc5b3a2fb}*SharedItemsImports = 4
		Demo\Demo.Shared\Demo.Shared.projitems*{32e7a59f-1805-4fbf-a119-d91f50e7e65b}*SharedItemsImports = 5
		Demo\Demo.Shared\Demo.Shared.projitems*{44aa17eb-24f4-4d35-a0f3-2694a949fd54}*SharedItemsImports = 5
		Demo\Demo.Shared\Demo.Shared.projitems*{46f35095-12d6-4960-aa4f-7e2d7cd3981f}*SharedItemsImports = 4
		Demo\Demo.Shared\Demo.Shared.projitems*{57c79f15-35f5-4fed-8a4f-3d8ba235fd5c}*SharedItemsImports = 4
		Demo\Demo.Shared\Demo.Shared.projitems*{5fd59525-3806-46e1-84dd-63c32bffce30}*SharedItemsImports = 4
		Demo\Demo.Shared\Demo.Shared.projitems*{6279c845-92f8-4333-ab99-3d213163593c}*SharedItemsImports = 13
		Demo\Demo.Shared\Demo.Shared.projitems*{640f7419-73fe-497b-a6fe-0aa1872ae7c0}*SharedItemsImports = 5
		Demo\Demo.Shared\Demo.Shared.projitems*{daa1f70f-f262-4596-b207-923e2fd9eef4}*SharedItemsImports = 5
	EndGlobalSection
	GlobalSection(SolutionConfigurationPlatforms) = preSolution
		Ad-Hoc|Any CPU = Ad-Hoc|Any CPU
		Ad-Hoc|ARM = Ad-Hoc|ARM
		Ad-Hoc|ARM64 = Ad-Hoc|ARM64
		Ad-Hoc|iPhone = Ad-Hoc|iPhone
		Ad-Hoc|iPhoneSimulator = Ad-Hoc|iPhoneSimulator
		Ad-Hoc|x64 = Ad-Hoc|x64
		Ad-Hoc|x86 = Ad-Hoc|x86
		AppStore|Any CPU = AppStore|Any CPU
		AppStore|ARM = AppStore|ARM
		AppStore|ARM64 = AppStore|ARM64
		AppStore|iPhone = AppStore|iPhone
		AppStore|iPhoneSimulator = AppStore|iPhoneSimulator
		AppStore|x64 = AppStore|x64
		AppStore|x86 = AppStore|x86
		Debug|Any CPU = Debug|Any CPU
		Debug|ARM = Debug|ARM
		Debug|ARM64 = Debug|ARM64
		Debug|iPhone = Debug|iPhone
		Debug|iPhoneSimulator = Debug|iPhoneSimulator
		Debug|x64 = Debug|x64
		Debug|x86 = Debug|x86
		Release|Any CPU = Release|Any CPU
		Release|ARM = Release|ARM
		Release|ARM64 = Release|ARM64
		Release|iPhone = Release|iPhone
		Release|iPhoneSimulator = Release|iPhoneSimulator
		Release|x64 = Release|x64
		Release|x86 = Release|x86
	EndGlobalSection
	GlobalSection(ProjectConfigurationPlatforms) = postSolution
		{E244872A-A5AD-4995-B5FD-0A8FF5463595}.Ad-Hoc|Any CPU.ActiveCfg = Debug|Any CPU
		{E244872A-A5AD-4995-B5FD-0A8FF5463595}.Ad-Hoc|Any CPU.Build.0 = Debug|Any CPU
		{E244872A-A5AD-4995-B5FD-0A8FF5463595}.Ad-Hoc|ARM.ActiveCfg = Debug|Any CPU
		{E244872A-A5AD-4995-B5FD-0A8FF5463595}.Ad-Hoc|ARM.Build.0 = Debug|Any CPU
		{E244872A-A5AD-4995-B5FD-0A8FF5463595}.Ad-Hoc|ARM64.ActiveCfg = Debug|Any CPU
		{E244872A-A5AD-4995-B5FD-0A8FF5463595}.Ad-Hoc|ARM64.Build.0 = Debug|Any CPU
		{E244872A-A5AD-4995-B5FD-0A8FF5463595}.Ad-Hoc|iPhone.ActiveCfg = Debug|Any CPU
		{E244872A-A5AD-4995-B5FD-0A8FF5463595}.Ad-Hoc|iPhone.Build.0 = Debug|Any CPU
		{E244872A-A5AD-4995-B5FD-0A8FF5463595}.Ad-Hoc|iPhoneSimulator.ActiveCfg = Debug|Any CPU
		{E244872A-A5AD-4995-B5FD-0A8FF5463595}.Ad-Hoc|iPhoneSimulator.Build.0 = Debug|Any CPU
		{E244872A-A5AD-4995-B5FD-0A8FF5463595}.Ad-Hoc|x64.ActiveCfg = Debug|Any CPU
		{E244872A-A5AD-4995-B5FD-0A8FF5463595}.Ad-Hoc|x64.Build.0 = Debug|Any CPU
		{E244872A-A5AD-4995-B5FD-0A8FF5463595}.Ad-Hoc|x86.ActiveCfg = Debug|Any CPU
		{E244872A-A5AD-4995-B5FD-0A8FF5463595}.Ad-Hoc|x86.Build.0 = Debug|Any CPU
		{E244872A-A5AD-4995-B5FD-0A8FF5463595}.AppStore|Any CPU.ActiveCfg = Debug|Any CPU
		{E244872A-A5AD-4995-B5FD-0A8FF5463595}.AppStore|Any CPU.Build.0 = Debug|Any CPU
		{E244872A-A5AD-4995-B5FD-0A8FF5463595}.AppStore|ARM.ActiveCfg = Debug|Any CPU
		{E244872A-A5AD-4995-B5FD-0A8FF5463595}.AppStore|ARM.Build.0 = Debug|Any CPU
		{E244872A-A5AD-4995-B5FD-0A8FF5463595}.AppStore|ARM64.ActiveCfg = Debug|Any CPU
		{E244872A-A5AD-4995-B5FD-0A8FF5463595}.AppStore|ARM64.Build.0 = Debug|Any CPU
		{E244872A-A5AD-4995-B5FD-0A8FF5463595}.AppStore|iPhone.ActiveCfg = Debug|Any CPU
		{E244872A-A5AD-4995-B5FD-0A8FF5463595}.AppStore|iPhone.Build.0 = Debug|Any CPU
		{E244872A-A5AD-4995-B5FD-0A8FF5463595}.AppStore|iPhoneSimulator.ActiveCfg = Debug|Any CPU
		{E244872A-A5AD-4995-B5FD-0A8FF5463595}.AppStore|iPhoneSimulator.Build.0 = Debug|Any CPU
		{E244872A-A5AD-4995-B5FD-0A8FF5463595}.AppStore|x64.ActiveCfg = Debug|Any CPU
		{E244872A-A5AD-4995-B5FD-0A8FF5463595}.AppStore|x64.Build.0 = Debug|Any CPU
		{E244872A-A5AD-4995-B5FD-0A8FF5463595}.AppStore|x86.ActiveCfg = Debug|Any CPU
		{E244872A-A5AD-4995-B5FD-0A8FF5463595}.AppStore|x86.Build.0 = Debug|Any CPU
		{E244872A-A5AD-4995-B5FD-0A8FF5463595}.Debug|Any CPU.ActiveCfg = Debug|Any CPU
		{E244872A-A5AD-4995-B5FD-0A8FF5463595}.Debug|Any CPU.Build.0 = Debug|Any CPU
		{E244872A-A5AD-4995-B5FD-0A8FF5463595}.Debug|ARM.ActiveCfg = Debug|Any CPU
		{E244872A-A5AD-4995-B5FD-0A8FF5463595}.Debug|ARM.Build.0 = Debug|Any CPU
		{E244872A-A5AD-4995-B5FD-0A8FF5463595}.Debug|ARM64.ActiveCfg = Debug|Any CPU
		{E244872A-A5AD-4995-B5FD-0A8FF5463595}.Debug|ARM64.Build.0 = Debug|Any CPU
		{E244872A-A5AD-4995-B5FD-0A8FF5463595}.Debug|iPhone.ActiveCfg = Debug|Any CPU
		{E244872A-A5AD-4995-B5FD-0A8FF5463595}.Debug|iPhone.Build.0 = Debug|Any CPU
		{E244872A-A5AD-4995-B5FD-0A8FF5463595}.Debug|iPhoneSimulator.ActiveCfg = Debug|Any CPU
		{E244872A-A5AD-4995-B5FD-0A8FF5463595}.Debug|iPhoneSimulator.Build.0 = Debug|Any CPU
		{E244872A-A5AD-4995-B5FD-0A8FF5463595}.Debug|x64.ActiveCfg = Debug|Any CPU
		{E244872A-A5AD-4995-B5FD-0A8FF5463595}.Debug|x64.Build.0 = Debug|Any CPU
		{E244872A-A5AD-4995-B5FD-0A8FF5463595}.Debug|x86.ActiveCfg = Debug|Any CPU
		{E244872A-A5AD-4995-B5FD-0A8FF5463595}.Debug|x86.Build.0 = Debug|Any CPU
		{E244872A-A5AD-4995-B5FD-0A8FF5463595}.Release|Any CPU.ActiveCfg = Release|Any CPU
		{E244872A-A5AD-4995-B5FD-0A8FF5463595}.Release|Any CPU.Build.0 = Release|Any CPU
		{E244872A-A5AD-4995-B5FD-0A8FF5463595}.Release|ARM.ActiveCfg = Release|Any CPU
		{E244872A-A5AD-4995-B5FD-0A8FF5463595}.Release|ARM.Build.0 = Release|Any CPU
		{E244872A-A5AD-4995-B5FD-0A8FF5463595}.Release|ARM64.ActiveCfg = Release|Any CPU
		{E244872A-A5AD-4995-B5FD-0A8FF5463595}.Release|ARM64.Build.0 = Release|Any CPU
		{E244872A-A5AD-4995-B5FD-0A8FF5463595}.Release|iPhone.ActiveCfg = Release|Any CPU
		{E244872A-A5AD-4995-B5FD-0A8FF5463595}.Release|iPhone.Build.0 = Release|Any CPU
		{E244872A-A5AD-4995-B5FD-0A8FF5463595}.Release|iPhoneSimulator.ActiveCfg = Release|Any CPU
		{E244872A-A5AD-4995-B5FD-0A8FF5463595}.Release|iPhoneSimulator.Build.0 = Release|Any CPU
		{E244872A-A5AD-4995-B5FD-0A8FF5463595}.Release|x64.ActiveCfg = Release|Any CPU
		{E244872A-A5AD-4995-B5FD-0A8FF5463595}.Release|x64.Build.0 = Release|Any CPU
		{E244872A-A5AD-4995-B5FD-0A8FF5463595}.Release|x86.ActiveCfg = Release|Any CPU
		{E244872A-A5AD-4995-B5FD-0A8FF5463595}.Release|x86.Build.0 = Release|Any CPU
		{57C79F15-35F5-4FED-8A4F-3D8BA235FD5C}.Ad-Hoc|Any CPU.ActiveCfg = Debug|Any CPU
		{57C79F15-35F5-4FED-8A4F-3D8BA235FD5C}.Ad-Hoc|Any CPU.Build.0 = Debug|Any CPU
		{57C79F15-35F5-4FED-8A4F-3D8BA235FD5C}.Ad-Hoc|Any CPU.Deploy.0 = Debug|Any CPU
		{57C79F15-35F5-4FED-8A4F-3D8BA235FD5C}.Ad-Hoc|ARM.ActiveCfg = Debug|Any CPU
		{57C79F15-35F5-4FED-8A4F-3D8BA235FD5C}.Ad-Hoc|ARM.Build.0 = Debug|Any CPU
		{57C79F15-35F5-4FED-8A4F-3D8BA235FD5C}.Ad-Hoc|ARM.Deploy.0 = Debug|Any CPU
		{57C79F15-35F5-4FED-8A4F-3D8BA235FD5C}.Ad-Hoc|ARM64.ActiveCfg = Debug|Any CPU
		{57C79F15-35F5-4FED-8A4F-3D8BA235FD5C}.Ad-Hoc|ARM64.Build.0 = Debug|Any CPU
		{57C79F15-35F5-4FED-8A4F-3D8BA235FD5C}.Ad-Hoc|ARM64.Deploy.0 = Debug|Any CPU
		{57C79F15-35F5-4FED-8A4F-3D8BA235FD5C}.Ad-Hoc|iPhone.ActiveCfg = Debug|Any CPU
		{57C79F15-35F5-4FED-8A4F-3D8BA235FD5C}.Ad-Hoc|iPhone.Build.0 = Debug|Any CPU
		{57C79F15-35F5-4FED-8A4F-3D8BA235FD5C}.Ad-Hoc|iPhone.Deploy.0 = Debug|Any CPU
		{57C79F15-35F5-4FED-8A4F-3D8BA235FD5C}.Ad-Hoc|iPhoneSimulator.ActiveCfg = Debug|Any CPU
		{57C79F15-35F5-4FED-8A4F-3D8BA235FD5C}.Ad-Hoc|iPhoneSimulator.Build.0 = Debug|Any CPU
		{57C79F15-35F5-4FED-8A4F-3D8BA235FD5C}.Ad-Hoc|iPhoneSimulator.Deploy.0 = Debug|Any CPU
		{57C79F15-35F5-4FED-8A4F-3D8BA235FD5C}.Ad-Hoc|x64.ActiveCfg = Debug|Any CPU
		{57C79F15-35F5-4FED-8A4F-3D8BA235FD5C}.Ad-Hoc|x64.Build.0 = Debug|Any CPU
		{57C79F15-35F5-4FED-8A4F-3D8BA235FD5C}.Ad-Hoc|x64.Deploy.0 = Debug|Any CPU
		{57C79F15-35F5-4FED-8A4F-3D8BA235FD5C}.Ad-Hoc|x86.ActiveCfg = Debug|Any CPU
		{57C79F15-35F5-4FED-8A4F-3D8BA235FD5C}.Ad-Hoc|x86.Build.0 = Debug|Any CPU
		{57C79F15-35F5-4FED-8A4F-3D8BA235FD5C}.Ad-Hoc|x86.Deploy.0 = Debug|Any CPU
		{57C79F15-35F5-4FED-8A4F-3D8BA235FD5C}.AppStore|Any CPU.ActiveCfg = Debug|Any CPU
		{57C79F15-35F5-4FED-8A4F-3D8BA235FD5C}.AppStore|Any CPU.Build.0 = Debug|Any CPU
		{57C79F15-35F5-4FED-8A4F-3D8BA235FD5C}.AppStore|Any CPU.Deploy.0 = Debug|Any CPU
		{57C79F15-35F5-4FED-8A4F-3D8BA235FD5C}.AppStore|ARM.ActiveCfg = Debug|Any CPU
		{57C79F15-35F5-4FED-8A4F-3D8BA235FD5C}.AppStore|ARM.Build.0 = Debug|Any CPU
		{57C79F15-35F5-4FED-8A4F-3D8BA235FD5C}.AppStore|ARM.Deploy.0 = Debug|Any CPU
		{57C79F15-35F5-4FED-8A4F-3D8BA235FD5C}.AppStore|ARM64.ActiveCfg = Debug|Any CPU
		{57C79F15-35F5-4FED-8A4F-3D8BA235FD5C}.AppStore|ARM64.Build.0 = Debug|Any CPU
		{57C79F15-35F5-4FED-8A4F-3D8BA235FD5C}.AppStore|ARM64.Deploy.0 = Debug|Any CPU
		{57C79F15-35F5-4FED-8A4F-3D8BA235FD5C}.AppStore|iPhone.ActiveCfg = Debug|Any CPU
		{57C79F15-35F5-4FED-8A4F-3D8BA235FD5C}.AppStore|iPhone.Build.0 = Debug|Any CPU
		{57C79F15-35F5-4FED-8A4F-3D8BA235FD5C}.AppStore|iPhone.Deploy.0 = Debug|Any CPU
		{57C79F15-35F5-4FED-8A4F-3D8BA235FD5C}.AppStore|iPhoneSimulator.ActiveCfg = Debug|Any CPU
		{57C79F15-35F5-4FED-8A4F-3D8BA235FD5C}.AppStore|iPhoneSimulator.Build.0 = Debug|Any CPU
		{57C79F15-35F5-4FED-8A4F-3D8BA235FD5C}.AppStore|iPhoneSimulator.Deploy.0 = Debug|Any CPU
		{57C79F15-35F5-4FED-8A4F-3D8BA235FD5C}.AppStore|x64.ActiveCfg = Debug|Any CPU
		{57C79F15-35F5-4FED-8A4F-3D8BA235FD5C}.AppStore|x64.Build.0 = Debug|Any CPU
		{57C79F15-35F5-4FED-8A4F-3D8BA235FD5C}.AppStore|x64.Deploy.0 = Debug|Any CPU
		{57C79F15-35F5-4FED-8A4F-3D8BA235FD5C}.AppStore|x86.ActiveCfg = Debug|Any CPU
		{57C79F15-35F5-4FED-8A4F-3D8BA235FD5C}.AppStore|x86.Build.0 = Debug|Any CPU
		{57C79F15-35F5-4FED-8A4F-3D8BA235FD5C}.AppStore|x86.Deploy.0 = Debug|Any CPU
		{57C79F15-35F5-4FED-8A4F-3D8BA235FD5C}.Debug|Any CPU.ActiveCfg = Debug|Any CPU
		{57C79F15-35F5-4FED-8A4F-3D8BA235FD5C}.Debug|Any CPU.Build.0 = Debug|Any CPU
		{57C79F15-35F5-4FED-8A4F-3D8BA235FD5C}.Debug|Any CPU.Deploy.0 = Debug|Any CPU
		{57C79F15-35F5-4FED-8A4F-3D8BA235FD5C}.Debug|ARM.ActiveCfg = Debug|Any CPU
		{57C79F15-35F5-4FED-8A4F-3D8BA235FD5C}.Debug|ARM.Build.0 = Debug|Any CPU
		{57C79F15-35F5-4FED-8A4F-3D8BA235FD5C}.Debug|ARM.Deploy.0 = Debug|Any CPU
		{57C79F15-35F5-4FED-8A4F-3D8BA235FD5C}.Debug|ARM64.ActiveCfg = Debug|Any CPU
		{57C79F15-35F5-4FED-8A4F-3D8BA235FD5C}.Debug|ARM64.Build.0 = Debug|Any CPU
		{57C79F15-35F5-4FED-8A4F-3D8BA235FD5C}.Debug|ARM64.Deploy.0 = Debug|Any CPU
		{57C79F15-35F5-4FED-8A4F-3D8BA235FD5C}.Debug|iPhone.ActiveCfg = Debug|Any CPU
		{57C79F15-35F5-4FED-8A4F-3D8BA235FD5C}.Debug|iPhone.Build.0 = Debug|Any CPU
		{57C79F15-35F5-4FED-8A4F-3D8BA235FD5C}.Debug|iPhone.Deploy.0 = Debug|Any CPU
		{57C79F15-35F5-4FED-8A4F-3D8BA235FD5C}.Debug|iPhoneSimulator.ActiveCfg = Debug|Any CPU
		{57C79F15-35F5-4FED-8A4F-3D8BA235FD5C}.Debug|iPhoneSimulator.Build.0 = Debug|Any CPU
		{57C79F15-35F5-4FED-8A4F-3D8BA235FD5C}.Debug|iPhoneSimulator.Deploy.0 = Debug|Any CPU
		{57C79F15-35F5-4FED-8A4F-3D8BA235FD5C}.Debug|x64.ActiveCfg = Debug|Any CPU
		{57C79F15-35F5-4FED-8A4F-3D8BA235FD5C}.Debug|x64.Build.0 = Debug|Any CPU
		{57C79F15-35F5-4FED-8A4F-3D8BA235FD5C}.Debug|x64.Deploy.0 = Debug|Any CPU
		{57C79F15-35F5-4FED-8A4F-3D8BA235FD5C}.Debug|x86.ActiveCfg = Debug|Any CPU
		{57C79F15-35F5-4FED-8A4F-3D8BA235FD5C}.Debug|x86.Build.0 = Debug|Any CPU
		{57C79F15-35F5-4FED-8A4F-3D8BA235FD5C}.Debug|x86.Deploy.0 = Debug|Any CPU
		{57C79F15-35F5-4FED-8A4F-3D8BA235FD5C}.Release|Any CPU.ActiveCfg = Release|Any CPU
		{57C79F15-35F5-4FED-8A4F-3D8BA235FD5C}.Release|Any CPU.Build.0 = Release|Any CPU
		{57C79F15-35F5-4FED-8A4F-3D8BA235FD5C}.Release|Any CPU.Deploy.0 = Release|Any CPU
		{57C79F15-35F5-4FED-8A4F-3D8BA235FD5C}.Release|ARM.ActiveCfg = Release|Any CPU
		{57C79F15-35F5-4FED-8A4F-3D8BA235FD5C}.Release|ARM.Build.0 = Release|Any CPU
		{57C79F15-35F5-4FED-8A4F-3D8BA235FD5C}.Release|ARM.Deploy.0 = Release|Any CPU
		{57C79F15-35F5-4FED-8A4F-3D8BA235FD5C}.Release|ARM64.ActiveCfg = Release|Any CPU
		{57C79F15-35F5-4FED-8A4F-3D8BA235FD5C}.Release|ARM64.Build.0 = Release|Any CPU
		{57C79F15-35F5-4FED-8A4F-3D8BA235FD5C}.Release|ARM64.Deploy.0 = Release|Any CPU
		{57C79F15-35F5-4FED-8A4F-3D8BA235FD5C}.Release|iPhone.ActiveCfg = Release|Any CPU
		{57C79F15-35F5-4FED-8A4F-3D8BA235FD5C}.Release|iPhone.Build.0 = Release|Any CPU
		{57C79F15-35F5-4FED-8A4F-3D8BA235FD5C}.Release|iPhone.Deploy.0 = Release|Any CPU
		{57C79F15-35F5-4FED-8A4F-3D8BA235FD5C}.Release|iPhoneSimulator.ActiveCfg = Release|Any CPU
		{57C79F15-35F5-4FED-8A4F-3D8BA235FD5C}.Release|iPhoneSimulator.Build.0 = Release|Any CPU
		{57C79F15-35F5-4FED-8A4F-3D8BA235FD5C}.Release|iPhoneSimulator.Deploy.0 = Release|Any CPU
		{57C79F15-35F5-4FED-8A4F-3D8BA235FD5C}.Release|x64.ActiveCfg = Release|Any CPU
		{57C79F15-35F5-4FED-8A4F-3D8BA235FD5C}.Release|x64.Build.0 = Release|Any CPU
		{57C79F15-35F5-4FED-8A4F-3D8BA235FD5C}.Release|x64.Deploy.0 = Release|Any CPU
		{57C79F15-35F5-4FED-8A4F-3D8BA235FD5C}.Release|x86.ActiveCfg = Release|Any CPU
		{57C79F15-35F5-4FED-8A4F-3D8BA235FD5C}.Release|x86.Build.0 = Release|Any CPU
		{57C79F15-35F5-4FED-8A4F-3D8BA235FD5C}.Release|x86.Deploy.0 = Release|Any CPU
		{46F35095-12D6-4960-AA4F-7E2D7CD3981F}.Ad-Hoc|Any CPU.ActiveCfg = Ad-Hoc|iPhoneSimulator
		{46F35095-12D6-4960-AA4F-7E2D7CD3981F}.Ad-Hoc|ARM.ActiveCfg = Ad-Hoc|iPhoneSimulator
		{46F35095-12D6-4960-AA4F-7E2D7CD3981F}.Ad-Hoc|ARM64.ActiveCfg = Ad-Hoc|iPhoneSimulator
		{46F35095-12D6-4960-AA4F-7E2D7CD3981F}.Ad-Hoc|iPhone.ActiveCfg = Ad-Hoc|iPhone
		{46F35095-12D6-4960-AA4F-7E2D7CD3981F}.Ad-Hoc|iPhone.Build.0 = Ad-Hoc|iPhone
		{46F35095-12D6-4960-AA4F-7E2D7CD3981F}.Ad-Hoc|iPhoneSimulator.ActiveCfg = Ad-Hoc|iPhoneSimulator
		{46F35095-12D6-4960-AA4F-7E2D7CD3981F}.Ad-Hoc|iPhoneSimulator.Build.0 = Ad-Hoc|iPhoneSimulator
		{46F35095-12D6-4960-AA4F-7E2D7CD3981F}.Ad-Hoc|x64.ActiveCfg = Ad-Hoc|iPhoneSimulator
		{46F35095-12D6-4960-AA4F-7E2D7CD3981F}.Ad-Hoc|x86.ActiveCfg = Ad-Hoc|iPhoneSimulator
		{46F35095-12D6-4960-AA4F-7E2D7CD3981F}.AppStore|Any CPU.ActiveCfg = AppStore|iPhoneSimulator
		{46F35095-12D6-4960-AA4F-7E2D7CD3981F}.AppStore|ARM.ActiveCfg = AppStore|iPhoneSimulator
		{46F35095-12D6-4960-AA4F-7E2D7CD3981F}.AppStore|ARM64.ActiveCfg = AppStore|iPhoneSimulator
		{46F35095-12D6-4960-AA4F-7E2D7CD3981F}.AppStore|iPhone.ActiveCfg = AppStore|iPhone
		{46F35095-12D6-4960-AA4F-7E2D7CD3981F}.AppStore|iPhone.Build.0 = AppStore|iPhone
		{46F35095-12D6-4960-AA4F-7E2D7CD3981F}.AppStore|iPhoneSimulator.ActiveCfg = AppStore|iPhoneSimulator
		{46F35095-12D6-4960-AA4F-7E2D7CD3981F}.AppStore|iPhoneSimulator.Build.0 = AppStore|iPhoneSimulator
		{46F35095-12D6-4960-AA4F-7E2D7CD3981F}.AppStore|x64.ActiveCfg = AppStore|iPhoneSimulator
		{46F35095-12D6-4960-AA4F-7E2D7CD3981F}.AppStore|x86.ActiveCfg = AppStore|iPhoneSimulator
		{46F35095-12D6-4960-AA4F-7E2D7CD3981F}.Debug|Any CPU.ActiveCfg = Debug|iPhoneSimulator
		{46F35095-12D6-4960-AA4F-7E2D7CD3981F}.Debug|ARM.ActiveCfg = Debug|iPhoneSimulator
		{46F35095-12D6-4960-AA4F-7E2D7CD3981F}.Debug|ARM64.ActiveCfg = Debug|iPhoneSimulator
		{46F35095-12D6-4960-AA4F-7E2D7CD3981F}.Debug|iPhone.ActiveCfg = Debug|iPhone
		{46F35095-12D6-4960-AA4F-7E2D7CD3981F}.Debug|iPhone.Build.0 = Debug|iPhone
		{46F35095-12D6-4960-AA4F-7E2D7CD3981F}.Debug|iPhoneSimulator.ActiveCfg = Debug|iPhoneSimulator
		{46F35095-12D6-4960-AA4F-7E2D7CD3981F}.Debug|iPhoneSimulator.Build.0 = Debug|iPhoneSimulator
		{46F35095-12D6-4960-AA4F-7E2D7CD3981F}.Debug|x64.ActiveCfg = Debug|iPhoneSimulator
		{46F35095-12D6-4960-AA4F-7E2D7CD3981F}.Debug|x86.ActiveCfg = Debug|iPhoneSimulator
		{46F35095-12D6-4960-AA4F-7E2D7CD3981F}.Release|Any CPU.ActiveCfg = Release|iPhoneSimulator
		{46F35095-12D6-4960-AA4F-7E2D7CD3981F}.Release|ARM.ActiveCfg = Release|iPhoneSimulator
		{46F35095-12D6-4960-AA4F-7E2D7CD3981F}.Release|ARM64.ActiveCfg = Release|iPhoneSimulator
		{46F35095-12D6-4960-AA4F-7E2D7CD3981F}.Release|iPhone.ActiveCfg = Release|iPhone
		{46F35095-12D6-4960-AA4F-7E2D7CD3981F}.Release|iPhone.Build.0 = Release|iPhone
		{46F35095-12D6-4960-AA4F-7E2D7CD3981F}.Release|iPhoneSimulator.ActiveCfg = Release|iPhoneSimulator
		{46F35095-12D6-4960-AA4F-7E2D7CD3981F}.Release|iPhoneSimulator.Build.0 = Release|iPhoneSimulator
		{46F35095-12D6-4960-AA4F-7E2D7CD3981F}.Release|x64.ActiveCfg = Release|iPhoneSimulator
		{46F35095-12D6-4960-AA4F-7E2D7CD3981F}.Release|x86.ActiveCfg = Release|iPhoneSimulator
		{0E752143-6BB4-477C-9016-08ECC5B3A2FB}.Ad-Hoc|Any CPU.ActiveCfg = Debug|iPhoneSimulator
		{0E752143-6BB4-477C-9016-08ECC5B3A2FB}.Ad-Hoc|Any CPU.Build.0 = Debug|iPhoneSimulator
		{0E752143-6BB4-477C-9016-08ECC5B3A2FB}.Ad-Hoc|ARM.ActiveCfg = Debug|iPhoneSimulator
		{0E752143-6BB4-477C-9016-08ECC5B3A2FB}.Ad-Hoc|ARM.Build.0 = Debug|iPhoneSimulator
		{0E752143-6BB4-477C-9016-08ECC5B3A2FB}.Ad-Hoc|ARM64.ActiveCfg = Debug|iPhoneSimulator
		{0E752143-6BB4-477C-9016-08ECC5B3A2FB}.Ad-Hoc|ARM64.Build.0 = Debug|iPhoneSimulator
		{0E752143-6BB4-477C-9016-08ECC5B3A2FB}.Ad-Hoc|iPhone.ActiveCfg = Debug|iPhoneSimulator
		{0E752143-6BB4-477C-9016-08ECC5B3A2FB}.Ad-Hoc|iPhone.Build.0 = Debug|iPhoneSimulator
		{0E752143-6BB4-477C-9016-08ECC5B3A2FB}.Ad-Hoc|iPhoneSimulator.ActiveCfg = Debug|iPhoneSimulator
		{0E752143-6BB4-477C-9016-08ECC5B3A2FB}.Ad-Hoc|iPhoneSimulator.Build.0 = Debug|iPhoneSimulator
		{0E752143-6BB4-477C-9016-08ECC5B3A2FB}.Ad-Hoc|x64.ActiveCfg = Debug|iPhoneSimulator
		{0E752143-6BB4-477C-9016-08ECC5B3A2FB}.Ad-Hoc|x64.Build.0 = Debug|iPhoneSimulator
		{0E752143-6BB4-477C-9016-08ECC5B3A2FB}.Ad-Hoc|x86.ActiveCfg = Debug|iPhoneSimulator
		{0E752143-6BB4-477C-9016-08ECC5B3A2FB}.Ad-Hoc|x86.Build.0 = Debug|iPhoneSimulator
		{0E752143-6BB4-477C-9016-08ECC5B3A2FB}.AppStore|Any CPU.ActiveCfg = Debug|iPhoneSimulator
		{0E752143-6BB4-477C-9016-08ECC5B3A2FB}.AppStore|Any CPU.Build.0 = Debug|iPhoneSimulator
		{0E752143-6BB4-477C-9016-08ECC5B3A2FB}.AppStore|ARM.ActiveCfg = Debug|iPhoneSimulator
		{0E752143-6BB4-477C-9016-08ECC5B3A2FB}.AppStore|ARM.Build.0 = Debug|iPhoneSimulator
		{0E752143-6BB4-477C-9016-08ECC5B3A2FB}.AppStore|ARM64.ActiveCfg = Debug|iPhoneSimulator
		{0E752143-6BB4-477C-9016-08ECC5B3A2FB}.AppStore|ARM64.Build.0 = Debug|iPhoneSimulator
		{0E752143-6BB4-477C-9016-08ECC5B3A2FB}.AppStore|iPhone.ActiveCfg = Debug|iPhoneSimulator
		{0E752143-6BB4-477C-9016-08ECC5B3A2FB}.AppStore|iPhone.Build.0 = Debug|iPhoneSimulator
		{0E752143-6BB4-477C-9016-08ECC5B3A2FB}.AppStore|iPhoneSimulator.ActiveCfg = Debug|iPhoneSimulator
		{0E752143-6BB4-477C-9016-08ECC5B3A2FB}.AppStore|iPhoneSimulator.Build.0 = Debug|iPhoneSimulator
		{0E752143-6BB4-477C-9016-08ECC5B3A2FB}.AppStore|x64.ActiveCfg = Debug|iPhoneSimulator
		{0E752143-6BB4-477C-9016-08ECC5B3A2FB}.AppStore|x64.Build.0 = Debug|iPhoneSimulator
		{0E752143-6BB4-477C-9016-08ECC5B3A2FB}.AppStore|x86.ActiveCfg = Debug|iPhoneSimulator
		{0E752143-6BB4-477C-9016-08ECC5B3A2FB}.AppStore|x86.Build.0 = Debug|iPhoneSimulator
		{0E752143-6BB4-477C-9016-08ECC5B3A2FB}.Debug|Any CPU.ActiveCfg = Debug|iPhoneSimulator
		{0E752143-6BB4-477C-9016-08ECC5B3A2FB}.Debug|ARM.ActiveCfg = Debug|iPhoneSimulator
		{0E752143-6BB4-477C-9016-08ECC5B3A2FB}.Debug|ARM64.ActiveCfg = Debug|iPhoneSimulator
		{0E752143-6BB4-477C-9016-08ECC5B3A2FB}.Debug|iPhone.ActiveCfg = Debug|iPhoneSimulator
		{0E752143-6BB4-477C-9016-08ECC5B3A2FB}.Debug|iPhoneSimulator.ActiveCfg = Debug|iPhoneSimulator
		{0E752143-6BB4-477C-9016-08ECC5B3A2FB}.Debug|iPhoneSimulator.Build.0 = Debug|iPhoneSimulator
		{0E752143-6BB4-477C-9016-08ECC5B3A2FB}.Debug|x64.ActiveCfg = Debug|iPhoneSimulator
		{0E752143-6BB4-477C-9016-08ECC5B3A2FB}.Debug|x86.ActiveCfg = Debug|iPhoneSimulator
		{0E752143-6BB4-477C-9016-08ECC5B3A2FB}.Release|Any CPU.ActiveCfg = Release|iPhoneSimulator
		{0E752143-6BB4-477C-9016-08ECC5B3A2FB}.Release|ARM.ActiveCfg = Release|iPhoneSimulator
		{0E752143-6BB4-477C-9016-08ECC5B3A2FB}.Release|ARM64.ActiveCfg = Release|iPhoneSimulator
		{0E752143-6BB4-477C-9016-08ECC5B3A2FB}.Release|iPhone.ActiveCfg = Release|iPhoneSimulator
		{0E752143-6BB4-477C-9016-08ECC5B3A2FB}.Release|iPhoneSimulator.ActiveCfg = Release|iPhoneSimulator
		{0E752143-6BB4-477C-9016-08ECC5B3A2FB}.Release|iPhoneSimulator.Build.0 = Release|iPhoneSimulator
		{0E752143-6BB4-477C-9016-08ECC5B3A2FB}.Release|x64.ActiveCfg = Release|iPhoneSimulator
		{0E752143-6BB4-477C-9016-08ECC5B3A2FB}.Release|x86.ActiveCfg = Release|iPhoneSimulator
		{44AA17EB-24F4-4D35-A0F3-2694A949FD54}.Ad-Hoc|Any CPU.ActiveCfg = Debug|Any CPU
		{44AA17EB-24F4-4D35-A0F3-2694A949FD54}.Ad-Hoc|Any CPU.Build.0 = Debug|Any CPU
		{44AA17EB-24F4-4D35-A0F3-2694A949FD54}.Ad-Hoc|ARM.ActiveCfg = Debug|Any CPU
		{44AA17EB-24F4-4D35-A0F3-2694A949FD54}.Ad-Hoc|ARM.Build.0 = Debug|Any CPU
		{44AA17EB-24F4-4D35-A0F3-2694A949FD54}.Ad-Hoc|ARM64.ActiveCfg = Debug|Any CPU
		{44AA17EB-24F4-4D35-A0F3-2694A949FD54}.Ad-Hoc|ARM64.Build.0 = Debug|Any CPU
		{44AA17EB-24F4-4D35-A0F3-2694A949FD54}.Ad-Hoc|iPhone.ActiveCfg = Debug|Any CPU
		{44AA17EB-24F4-4D35-A0F3-2694A949FD54}.Ad-Hoc|iPhone.Build.0 = Debug|Any CPU
		{44AA17EB-24F4-4D35-A0F3-2694A949FD54}.Ad-Hoc|iPhoneSimulator.ActiveCfg = Debug|Any CPU
		{44AA17EB-24F4-4D35-A0F3-2694A949FD54}.Ad-Hoc|iPhoneSimulator.Build.0 = Debug|Any CPU
		{44AA17EB-24F4-4D35-A0F3-2694A949FD54}.Ad-Hoc|x64.ActiveCfg = Debug|Any CPU
		{44AA17EB-24F4-4D35-A0F3-2694A949FD54}.Ad-Hoc|x64.Build.0 = Debug|Any CPU
		{44AA17EB-24F4-4D35-A0F3-2694A949FD54}.Ad-Hoc|x86.ActiveCfg = Debug|Any CPU
		{44AA17EB-24F4-4D35-A0F3-2694A949FD54}.Ad-Hoc|x86.Build.0 = Debug|Any CPU
		{44AA17EB-24F4-4D35-A0F3-2694A949FD54}.AppStore|Any CPU.ActiveCfg = Debug|Any CPU
		{44AA17EB-24F4-4D35-A0F3-2694A949FD54}.AppStore|Any CPU.Build.0 = Debug|Any CPU
		{44AA17EB-24F4-4D35-A0F3-2694A949FD54}.AppStore|ARM.ActiveCfg = Debug|Any CPU
		{44AA17EB-24F4-4D35-A0F3-2694A949FD54}.AppStore|ARM.Build.0 = Debug|Any CPU
		{44AA17EB-24F4-4D35-A0F3-2694A949FD54}.AppStore|ARM64.ActiveCfg = Debug|Any CPU
		{44AA17EB-24F4-4D35-A0F3-2694A949FD54}.AppStore|ARM64.Build.0 = Debug|Any CPU
		{44AA17EB-24F4-4D35-A0F3-2694A949FD54}.AppStore|iPhone.ActiveCfg = Debug|Any CPU
		{44AA17EB-24F4-4D35-A0F3-2694A949FD54}.AppStore|iPhone.Build.0 = Debug|Any CPU
		{44AA17EB-24F4-4D35-A0F3-2694A949FD54}.AppStore|iPhoneSimulator.ActiveCfg = Debug|Any CPU
		{44AA17EB-24F4-4D35-A0F3-2694A949FD54}.AppStore|iPhoneSimulator.Build.0 = Debug|Any CPU
		{44AA17EB-24F4-4D35-A0F3-2694A949FD54}.AppStore|x64.ActiveCfg = Debug|Any CPU
		{44AA17EB-24F4-4D35-A0F3-2694A949FD54}.AppStore|x64.Build.0 = Debug|Any CPU
		{44AA17EB-24F4-4D35-A0F3-2694A949FD54}.AppStore|x86.ActiveCfg = Debug|Any CPU
		{44AA17EB-24F4-4D35-A0F3-2694A949FD54}.AppStore|x86.Build.0 = Debug|Any CPU
		{44AA17EB-24F4-4D35-A0F3-2694A949FD54}.Debug|Any CPU.ActiveCfg = Debug|Any CPU
		{44AA17EB-24F4-4D35-A0F3-2694A949FD54}.Debug|Any CPU.Build.0 = Debug|Any CPU
		{44AA17EB-24F4-4D35-A0F3-2694A949FD54}.Debug|ARM.ActiveCfg = Debug|Any CPU
		{44AA17EB-24F4-4D35-A0F3-2694A949FD54}.Debug|ARM.Build.0 = Debug|Any CPU
		{44AA17EB-24F4-4D35-A0F3-2694A949FD54}.Debug|ARM64.ActiveCfg = Debug|Any CPU
		{44AA17EB-24F4-4D35-A0F3-2694A949FD54}.Debug|ARM64.Build.0 = Debug|Any CPU
		{44AA17EB-24F4-4D35-A0F3-2694A949FD54}.Debug|iPhone.ActiveCfg = Debug|Any CPU
		{44AA17EB-24F4-4D35-A0F3-2694A949FD54}.Debug|iPhone.Build.0 = Debug|Any CPU
		{44AA17EB-24F4-4D35-A0F3-2694A949FD54}.Debug|iPhoneSimulator.ActiveCfg = Debug|Any CPU
		{44AA17EB-24F4-4D35-A0F3-2694A949FD54}.Debug|iPhoneSimulator.Build.0 = Debug|Any CPU
		{44AA17EB-24F4-4D35-A0F3-2694A949FD54}.Debug|x64.ActiveCfg = Debug|Any CPU
		{44AA17EB-24F4-4D35-A0F3-2694A949FD54}.Debug|x64.Build.0 = Debug|Any CPU
		{44AA17EB-24F4-4D35-A0F3-2694A949FD54}.Debug|x86.ActiveCfg = Debug|Any CPU
		{44AA17EB-24F4-4D35-A0F3-2694A949FD54}.Debug|x86.Build.0 = Debug|Any CPU
		{44AA17EB-24F4-4D35-A0F3-2694A949FD54}.Release|Any CPU.ActiveCfg = Release|Any CPU
		{44AA17EB-24F4-4D35-A0F3-2694A949FD54}.Release|Any CPU.Build.0 = Release|Any CPU
		{44AA17EB-24F4-4D35-A0F3-2694A949FD54}.Release|ARM.ActiveCfg = Release|Any CPU
		{44AA17EB-24F4-4D35-A0F3-2694A949FD54}.Release|ARM.Build.0 = Release|Any CPU
		{44AA17EB-24F4-4D35-A0F3-2694A949FD54}.Release|ARM64.ActiveCfg = Release|Any CPU
		{44AA17EB-24F4-4D35-A0F3-2694A949FD54}.Release|ARM64.Build.0 = Release|Any CPU
		{44AA17EB-24F4-4D35-A0F3-2694A949FD54}.Release|iPhone.ActiveCfg = Release|Any CPU
		{44AA17EB-24F4-4D35-A0F3-2694A949FD54}.Release|iPhone.Build.0 = Release|Any CPU
		{44AA17EB-24F4-4D35-A0F3-2694A949FD54}.Release|iPhoneSimulator.ActiveCfg = Release|Any CPU
		{44AA17EB-24F4-4D35-A0F3-2694A949FD54}.Release|iPhoneSimulator.Build.0 = Release|Any CPU
		{44AA17EB-24F4-4D35-A0F3-2694A949FD54}.Release|x64.ActiveCfg = Release|Any CPU
		{44AA17EB-24F4-4D35-A0F3-2694A949FD54}.Release|x64.Build.0 = Release|Any CPU
		{44AA17EB-24F4-4D35-A0F3-2694A949FD54}.Release|x86.ActiveCfg = Release|Any CPU
		{44AA17EB-24F4-4D35-A0F3-2694A949FD54}.Release|x86.Build.0 = Release|Any CPU
		{640F7419-73FE-497B-A6FE-0AA1872AE7C0}.Ad-Hoc|Any CPU.ActiveCfg = Debug|Any CPU
		{640F7419-73FE-497B-A6FE-0AA1872AE7C0}.Ad-Hoc|Any CPU.Build.0 = Debug|Any CPU
		{640F7419-73FE-497B-A6FE-0AA1872AE7C0}.Ad-Hoc|ARM.ActiveCfg = Debug|Any CPU
		{640F7419-73FE-497B-A6FE-0AA1872AE7C0}.Ad-Hoc|ARM.Build.0 = Debug|Any CPU
		{640F7419-73FE-497B-A6FE-0AA1872AE7C0}.Ad-Hoc|ARM64.ActiveCfg = Debug|Any CPU
		{640F7419-73FE-497B-A6FE-0AA1872AE7C0}.Ad-Hoc|ARM64.Build.0 = Debug|Any CPU
		{640F7419-73FE-497B-A6FE-0AA1872AE7C0}.Ad-Hoc|iPhone.ActiveCfg = Debug|Any CPU
		{640F7419-73FE-497B-A6FE-0AA1872AE7C0}.Ad-Hoc|iPhone.Build.0 = Debug|Any CPU
		{640F7419-73FE-497B-A6FE-0AA1872AE7C0}.Ad-Hoc|iPhoneSimulator.ActiveCfg = Debug|Any CPU
		{640F7419-73FE-497B-A6FE-0AA1872AE7C0}.Ad-Hoc|iPhoneSimulator.Build.0 = Debug|Any CPU
		{640F7419-73FE-497B-A6FE-0AA1872AE7C0}.Ad-Hoc|x64.ActiveCfg = Debug|Any CPU
		{640F7419-73FE-497B-A6FE-0AA1872AE7C0}.Ad-Hoc|x64.Build.0 = Debug|Any CPU
		{640F7419-73FE-497B-A6FE-0AA1872AE7C0}.Ad-Hoc|x86.ActiveCfg = Debug|Any CPU
		{640F7419-73FE-497B-A6FE-0AA1872AE7C0}.Ad-Hoc|x86.Build.0 = Debug|Any CPU
		{640F7419-73FE-497B-A6FE-0AA1872AE7C0}.AppStore|Any CPU.ActiveCfg = Debug|Any CPU
		{640F7419-73FE-497B-A6FE-0AA1872AE7C0}.AppStore|Any CPU.Build.0 = Debug|Any CPU
		{640F7419-73FE-497B-A6FE-0AA1872AE7C0}.AppStore|ARM.ActiveCfg = Debug|Any CPU
		{640F7419-73FE-497B-A6FE-0AA1872AE7C0}.AppStore|ARM.Build.0 = Debug|Any CPU
		{640F7419-73FE-497B-A6FE-0AA1872AE7C0}.AppStore|ARM64.ActiveCfg = Debug|Any CPU
		{640F7419-73FE-497B-A6FE-0AA1872AE7C0}.AppStore|ARM64.Build.0 = Debug|Any CPU
		{640F7419-73FE-497B-A6FE-0AA1872AE7C0}.AppStore|iPhone.ActiveCfg = Debug|Any CPU
		{640F7419-73FE-497B-A6FE-0AA1872AE7C0}.AppStore|iPhone.Build.0 = Debug|Any CPU
		{640F7419-73FE-497B-A6FE-0AA1872AE7C0}.AppStore|iPhoneSimulator.ActiveCfg = Debug|Any CPU
		{640F7419-73FE-497B-A6FE-0AA1872AE7C0}.AppStore|iPhoneSimulator.Build.0 = Debug|Any CPU
		{640F7419-73FE-497B-A6FE-0AA1872AE7C0}.AppStore|x64.ActiveCfg = Debug|Any CPU
		{640F7419-73FE-497B-A6FE-0AA1872AE7C0}.AppStore|x64.Build.0 = Debug|Any CPU
		{640F7419-73FE-497B-A6FE-0AA1872AE7C0}.AppStore|x86.ActiveCfg = Debug|Any CPU
		{640F7419-73FE-497B-A6FE-0AA1872AE7C0}.AppStore|x86.Build.0 = Debug|Any CPU
		{640F7419-73FE-497B-A6FE-0AA1872AE7C0}.Debug|Any CPU.ActiveCfg = Debug|Any CPU
		{640F7419-73FE-497B-A6FE-0AA1872AE7C0}.Debug|Any CPU.Build.0 = Debug|Any CPU
		{640F7419-73FE-497B-A6FE-0AA1872AE7C0}.Debug|ARM.ActiveCfg = Debug|Any CPU
		{640F7419-73FE-497B-A6FE-0AA1872AE7C0}.Debug|ARM.Build.0 = Debug|Any CPU
		{640F7419-73FE-497B-A6FE-0AA1872AE7C0}.Debug|ARM64.ActiveCfg = Debug|Any CPU
		{640F7419-73FE-497B-A6FE-0AA1872AE7C0}.Debug|ARM64.Build.0 = Debug|Any CPU
		{640F7419-73FE-497B-A6FE-0AA1872AE7C0}.Debug|iPhone.ActiveCfg = Debug|Any CPU
		{640F7419-73FE-497B-A6FE-0AA1872AE7C0}.Debug|iPhone.Build.0 = Debug|Any CPU
		{640F7419-73FE-497B-A6FE-0AA1872AE7C0}.Debug|iPhoneSimulator.ActiveCfg = Debug|Any CPU
		{640F7419-73FE-497B-A6FE-0AA1872AE7C0}.Debug|iPhoneSimulator.Build.0 = Debug|Any CPU
		{640F7419-73FE-497B-A6FE-0AA1872AE7C0}.Debug|x64.ActiveCfg = Debug|Any CPU
		{640F7419-73FE-497B-A6FE-0AA1872AE7C0}.Debug|x64.Build.0 = Debug|Any CPU
		{640F7419-73FE-497B-A6FE-0AA1872AE7C0}.Debug|x86.ActiveCfg = Debug|Any CPU
		{640F7419-73FE-497B-A6FE-0AA1872AE7C0}.Debug|x86.Build.0 = Debug|Any CPU
		{640F7419-73FE-497B-A6FE-0AA1872AE7C0}.Release|Any CPU.ActiveCfg = Release|Any CPU
		{640F7419-73FE-497B-A6FE-0AA1872AE7C0}.Release|Any CPU.Build.0 = Release|Any CPU
		{640F7419-73FE-497B-A6FE-0AA1872AE7C0}.Release|ARM.ActiveCfg = Release|Any CPU
		{640F7419-73FE-497B-A6FE-0AA1872AE7C0}.Release|ARM.Build.0 = Release|Any CPU
		{640F7419-73FE-497B-A6FE-0AA1872AE7C0}.Release|ARM64.ActiveCfg = Release|Any CPU
		{640F7419-73FE-497B-A6FE-0AA1872AE7C0}.Release|ARM64.Build.0 = Release|Any CPU
		{640F7419-73FE-497B-A6FE-0AA1872AE7C0}.Release|iPhone.ActiveCfg = Release|Any CPU
		{640F7419-73FE-497B-A6FE-0AA1872AE7C0}.Release|iPhone.Build.0 = Release|Any CPU
		{640F7419-73FE-497B-A6FE-0AA1872AE7C0}.Release|iPhoneSimulator.ActiveCfg = Release|Any CPU
		{640F7419-73FE-497B-A6FE-0AA1872AE7C0}.Release|iPhoneSimulator.Build.0 = Release|Any CPU
		{640F7419-73FE-497B-A6FE-0AA1872AE7C0}.Release|x64.ActiveCfg = Release|Any CPU
		{640F7419-73FE-497B-A6FE-0AA1872AE7C0}.Release|x64.Build.0 = Release|Any CPU
		{640F7419-73FE-497B-A6FE-0AA1872AE7C0}.Release|x86.ActiveCfg = Release|Any CPU
		{640F7419-73FE-497B-A6FE-0AA1872AE7C0}.Release|x86.Build.0 = Release|Any CPU
		{32E7A59F-1805-4FBF-A119-D91F50E7E65B}.Ad-Hoc|Any CPU.ActiveCfg = Debug|Any CPU
		{32E7A59F-1805-4FBF-A119-D91F50E7E65B}.Ad-Hoc|Any CPU.Build.0 = Debug|Any CPU
		{32E7A59F-1805-4FBF-A119-D91F50E7E65B}.Ad-Hoc|ARM.ActiveCfg = Debug|Any CPU
		{32E7A59F-1805-4FBF-A119-D91F50E7E65B}.Ad-Hoc|ARM.Build.0 = Debug|Any CPU
		{32E7A59F-1805-4FBF-A119-D91F50E7E65B}.Ad-Hoc|ARM64.ActiveCfg = Debug|Any CPU
		{32E7A59F-1805-4FBF-A119-D91F50E7E65B}.Ad-Hoc|ARM64.Build.0 = Debug|Any CPU
		{32E7A59F-1805-4FBF-A119-D91F50E7E65B}.Ad-Hoc|iPhone.ActiveCfg = Debug|Any CPU
		{32E7A59F-1805-4FBF-A119-D91F50E7E65B}.Ad-Hoc|iPhone.Build.0 = Debug|Any CPU
		{32E7A59F-1805-4FBF-A119-D91F50E7E65B}.Ad-Hoc|iPhoneSimulator.ActiveCfg = Debug|Any CPU
		{32E7A59F-1805-4FBF-A119-D91F50E7E65B}.Ad-Hoc|iPhoneSimulator.Build.0 = Debug|Any CPU
		{32E7A59F-1805-4FBF-A119-D91F50E7E65B}.Ad-Hoc|x64.ActiveCfg = Debug|Any CPU
		{32E7A59F-1805-4FBF-A119-D91F50E7E65B}.Ad-Hoc|x64.Build.0 = Debug|Any CPU
		{32E7A59F-1805-4FBF-A119-D91F50E7E65B}.Ad-Hoc|x86.ActiveCfg = Debug|Any CPU
		{32E7A59F-1805-4FBF-A119-D91F50E7E65B}.Ad-Hoc|x86.Build.0 = Debug|Any CPU
		{32E7A59F-1805-4FBF-A119-D91F50E7E65B}.AppStore|Any CPU.ActiveCfg = Debug|Any CPU
		{32E7A59F-1805-4FBF-A119-D91F50E7E65B}.AppStore|Any CPU.Build.0 = Debug|Any CPU
		{32E7A59F-1805-4FBF-A119-D91F50E7E65B}.AppStore|ARM.ActiveCfg = Debug|Any CPU
		{32E7A59F-1805-4FBF-A119-D91F50E7E65B}.AppStore|ARM.Build.0 = Debug|Any CPU
		{32E7A59F-1805-4FBF-A119-D91F50E7E65B}.AppStore|ARM64.ActiveCfg = Debug|Any CPU
		{32E7A59F-1805-4FBF-A119-D91F50E7E65B}.AppStore|ARM64.Build.0 = Debug|Any CPU
		{32E7A59F-1805-4FBF-A119-D91F50E7E65B}.AppStore|iPhone.ActiveCfg = Debug|Any CPU
		{32E7A59F-1805-4FBF-A119-D91F50E7E65B}.AppStore|iPhone.Build.0 = Debug|Any CPU
		{32E7A59F-1805-4FBF-A119-D91F50E7E65B}.AppStore|iPhoneSimulator.ActiveCfg = Debug|Any CPU
		{32E7A59F-1805-4FBF-A119-D91F50E7E65B}.AppStore|iPhoneSimulator.Build.0 = Debug|Any CPU
		{32E7A59F-1805-4FBF-A119-D91F50E7E65B}.AppStore|x64.ActiveCfg = Debug|Any CPU
		{32E7A59F-1805-4FBF-A119-D91F50E7E65B}.AppStore|x64.Build.0 = Debug|Any CPU
		{32E7A59F-1805-4FBF-A119-D91F50E7E65B}.AppStore|x86.ActiveCfg = Debug|Any CPU
		{32E7A59F-1805-4FBF-A119-D91F50E7E65B}.AppStore|x86.Build.0 = Debug|Any CPU
		{32E7A59F-1805-4FBF-A119-D91F50E7E65B}.Debug|Any CPU.ActiveCfg = Debug|Any CPU
		{32E7A59F-1805-4FBF-A119-D91F50E7E65B}.Debug|Any CPU.Build.0 = Debug|Any CPU
		{32E7A59F-1805-4FBF-A119-D91F50E7E65B}.Debug|ARM.ActiveCfg = Debug|Any CPU
		{32E7A59F-1805-4FBF-A119-D91F50E7E65B}.Debug|ARM.Build.0 = Debug|Any CPU
		{32E7A59F-1805-4FBF-A119-D91F50E7E65B}.Debug|ARM64.ActiveCfg = Debug|Any CPU
		{32E7A59F-1805-4FBF-A119-D91F50E7E65B}.Debug|ARM64.Build.0 = Debug|Any CPU
		{32E7A59F-1805-4FBF-A119-D91F50E7E65B}.Debug|iPhone.ActiveCfg = Debug|Any CPU
		{32E7A59F-1805-4FBF-A119-D91F50E7E65B}.Debug|iPhone.Build.0 = Debug|Any CPU
		{32E7A59F-1805-4FBF-A119-D91F50E7E65B}.Debug|iPhoneSimulator.ActiveCfg = Debug|Any CPU
		{32E7A59F-1805-4FBF-A119-D91F50E7E65B}.Debug|iPhoneSimulator.Build.0 = Debug|Any CPU
		{32E7A59F-1805-4FBF-A119-D91F50E7E65B}.Debug|x64.ActiveCfg = Debug|Any CPU
		{32E7A59F-1805-4FBF-A119-D91F50E7E65B}.Debug|x64.Build.0 = Debug|Any CPU
		{32E7A59F-1805-4FBF-A119-D91F50E7E65B}.Debug|x86.ActiveCfg = Debug|Any CPU
		{32E7A59F-1805-4FBF-A119-D91F50E7E65B}.Debug|x86.Build.0 = Debug|Any CPU
		{32E7A59F-1805-4FBF-A119-D91F50E7E65B}.Release|Any CPU.ActiveCfg = Release|Any CPU
		{32E7A59F-1805-4FBF-A119-D91F50E7E65B}.Release|Any CPU.Build.0 = Release|Any CPU
		{32E7A59F-1805-4FBF-A119-D91F50E7E65B}.Release|ARM.ActiveCfg = Release|Any CPU
		{32E7A59F-1805-4FBF-A119-D91F50E7E65B}.Release|ARM.Build.0 = Release|Any CPU
		{32E7A59F-1805-4FBF-A119-D91F50E7E65B}.Release|ARM64.ActiveCfg = Release|Any CPU
		{32E7A59F-1805-4FBF-A119-D91F50E7E65B}.Release|ARM64.Build.0 = Release|Any CPU
		{32E7A59F-1805-4FBF-A119-D91F50E7E65B}.Release|iPhone.ActiveCfg = Release|Any CPU
		{32E7A59F-1805-4FBF-A119-D91F50E7E65B}.Release|iPhone.Build.0 = Release|Any CPU
		{32E7A59F-1805-4FBF-A119-D91F50E7E65B}.Release|iPhoneSimulator.ActiveCfg = Release|Any CPU
		{32E7A59F-1805-4FBF-A119-D91F50E7E65B}.Release|iPhoneSimulator.Build.0 = Release|Any CPU
		{32E7A59F-1805-4FBF-A119-D91F50E7E65B}.Release|x64.ActiveCfg = Release|Any CPU
		{32E7A59F-1805-4FBF-A119-D91F50E7E65B}.Release|x64.Build.0 = Release|Any CPU
		{32E7A59F-1805-4FBF-A119-D91F50E7E65B}.Release|x86.ActiveCfg = Release|Any CPU
		{32E7A59F-1805-4FBF-A119-D91F50E7E65B}.Release|x86.Build.0 = Release|Any CPU
		{6ED68706-48FF-48FF-9FA9-F0950973763D}.Ad-Hoc|Any CPU.ActiveCfg = Debug|Any CPU
		{6ED68706-48FF-48FF-9FA9-F0950973763D}.Ad-Hoc|Any CPU.Build.0 = Debug|Any CPU
		{6ED68706-48FF-48FF-9FA9-F0950973763D}.Ad-Hoc|ARM.ActiveCfg = Debug|Any CPU
		{6ED68706-48FF-48FF-9FA9-F0950973763D}.Ad-Hoc|ARM.Build.0 = Debug|Any CPU
		{6ED68706-48FF-48FF-9FA9-F0950973763D}.Ad-Hoc|ARM64.ActiveCfg = Debug|Any CPU
		{6ED68706-48FF-48FF-9FA9-F0950973763D}.Ad-Hoc|ARM64.Build.0 = Debug|Any CPU
		{6ED68706-48FF-48FF-9FA9-F0950973763D}.Ad-Hoc|iPhone.ActiveCfg = Debug|Any CPU
		{6ED68706-48FF-48FF-9FA9-F0950973763D}.Ad-Hoc|iPhone.Build.0 = Debug|Any CPU
		{6ED68706-48FF-48FF-9FA9-F0950973763D}.Ad-Hoc|iPhoneSimulator.ActiveCfg = Debug|Any CPU
		{6ED68706-48FF-48FF-9FA9-F0950973763D}.Ad-Hoc|iPhoneSimulator.Build.0 = Debug|Any CPU
		{6ED68706-48FF-48FF-9FA9-F0950973763D}.Ad-Hoc|x64.ActiveCfg = Debug|Any CPU
		{6ED68706-48FF-48FF-9FA9-F0950973763D}.Ad-Hoc|x64.Build.0 = Debug|Any CPU
		{6ED68706-48FF-48FF-9FA9-F0950973763D}.Ad-Hoc|x86.ActiveCfg = Debug|Any CPU
		{6ED68706-48FF-48FF-9FA9-F0950973763D}.Ad-Hoc|x86.Build.0 = Debug|Any CPU
		{6ED68706-48FF-48FF-9FA9-F0950973763D}.AppStore|Any CPU.ActiveCfg = Debug|Any CPU
		{6ED68706-48FF-48FF-9FA9-F0950973763D}.AppStore|Any CPU.Build.0 = Debug|Any CPU
		{6ED68706-48FF-48FF-9FA9-F0950973763D}.AppStore|ARM.ActiveCfg = Debug|Any CPU
		{6ED68706-48FF-48FF-9FA9-F0950973763D}.AppStore|ARM.Build.0 = Debug|Any CPU
		{6ED68706-48FF-48FF-9FA9-F0950973763D}.AppStore|ARM64.ActiveCfg = Debug|Any CPU
		{6ED68706-48FF-48FF-9FA9-F0950973763D}.AppStore|ARM64.Build.0 = Debug|Any CPU
		{6ED68706-48FF-48FF-9FA9-F0950973763D}.AppStore|iPhone.ActiveCfg = Debug|Any CPU
		{6ED68706-48FF-48FF-9FA9-F0950973763D}.AppStore|iPhone.Build.0 = Debug|Any CPU
		{6ED68706-48FF-48FF-9FA9-F0950973763D}.AppStore|iPhoneSimulator.ActiveCfg = Debug|Any CPU
		{6ED68706-48FF-48FF-9FA9-F0950973763D}.AppStore|iPhoneSimulator.Build.0 = Debug|Any CPU
		{6ED68706-48FF-48FF-9FA9-F0950973763D}.AppStore|x64.ActiveCfg = Debug|Any CPU
		{6ED68706-48FF-48FF-9FA9-F0950973763D}.AppStore|x64.Build.0 = Debug|Any CPU
		{6ED68706-48FF-48FF-9FA9-F0950973763D}.AppStore|x86.ActiveCfg = Debug|Any CPU
		{6ED68706-48FF-48FF-9FA9-F0950973763D}.AppStore|x86.Build.0 = Debug|Any CPU
		{6ED68706-48FF-48FF-9FA9-F0950973763D}.Debug|Any CPU.ActiveCfg = Debug|Any CPU
		{6ED68706-48FF-48FF-9FA9-F0950973763D}.Debug|Any CPU.Build.0 = Debug|Any CPU
		{6ED68706-48FF-48FF-9FA9-F0950973763D}.Debug|ARM.ActiveCfg = Debug|Any CPU
		{6ED68706-48FF-48FF-9FA9-F0950973763D}.Debug|ARM.Build.0 = Debug|Any CPU
		{6ED68706-48FF-48FF-9FA9-F0950973763D}.Debug|ARM64.ActiveCfg = Debug|Any CPU
		{6ED68706-48FF-48FF-9FA9-F0950973763D}.Debug|ARM64.Build.0 = Debug|Any CPU
		{6ED68706-48FF-48FF-9FA9-F0950973763D}.Debug|iPhone.ActiveCfg = Debug|Any CPU
		{6ED68706-48FF-48FF-9FA9-F0950973763D}.Debug|iPhone.Build.0 = Debug|Any CPU
		{6ED68706-48FF-48FF-9FA9-F0950973763D}.Debug|iPhoneSimulator.ActiveCfg = Debug|Any CPU
		{6ED68706-48FF-48FF-9FA9-F0950973763D}.Debug|iPhoneSimulator.Build.0 = Debug|Any CPU
		{6ED68706-48FF-48FF-9FA9-F0950973763D}.Debug|x64.ActiveCfg = Debug|Any CPU
		{6ED68706-48FF-48FF-9FA9-F0950973763D}.Debug|x64.Build.0 = Debug|Any CPU
		{6ED68706-48FF-48FF-9FA9-F0950973763D}.Debug|x86.ActiveCfg = Debug|Any CPU
		{6ED68706-48FF-48FF-9FA9-F0950973763D}.Debug|x86.Build.0 = Debug|Any CPU
		{6ED68706-48FF-48FF-9FA9-F0950973763D}.Release|Any CPU.ActiveCfg = Release|Any CPU
		{6ED68706-48FF-48FF-9FA9-F0950973763D}.Release|Any CPU.Build.0 = Release|Any CPU
		{6ED68706-48FF-48FF-9FA9-F0950973763D}.Release|ARM.ActiveCfg = Release|Any CPU
		{6ED68706-48FF-48FF-9FA9-F0950973763D}.Release|ARM.Build.0 = Release|Any CPU
		{6ED68706-48FF-48FF-9FA9-F0950973763D}.Release|ARM64.ActiveCfg = Release|Any CPU
		{6ED68706-48FF-48FF-9FA9-F0950973763D}.Release|ARM64.Build.0 = Release|Any CPU
		{6ED68706-48FF-48FF-9FA9-F0950973763D}.Release|iPhone.ActiveCfg = Release|Any CPU
		{6ED68706-48FF-48FF-9FA9-F0950973763D}.Release|iPhone.Build.0 = Release|Any CPU
		{6ED68706-48FF-48FF-9FA9-F0950973763D}.Release|iPhoneSimulator.ActiveCfg = Release|Any CPU
		{6ED68706-48FF-48FF-9FA9-F0950973763D}.Release|iPhoneSimulator.Build.0 = Release|Any CPU
		{6ED68706-48FF-48FF-9FA9-F0950973763D}.Release|x64.ActiveCfg = Release|Any CPU
		{6ED68706-48FF-48FF-9FA9-F0950973763D}.Release|x64.Build.0 = Release|Any CPU
		{6ED68706-48FF-48FF-9FA9-F0950973763D}.Release|x86.ActiveCfg = Release|Any CPU
		{6ED68706-48FF-48FF-9FA9-F0950973763D}.Release|x86.Build.0 = Release|Any CPU
		{5FD59525-3806-46E1-84DD-63C32BFFCE30}.Ad-Hoc|Any CPU.ActiveCfg = Debug|x86
		{5FD59525-3806-46E1-84DD-63C32BFFCE30}.Ad-Hoc|Any CPU.Build.0 = Debug|x86
		{5FD59525-3806-46E1-84DD-63C32BFFCE30}.Ad-Hoc|Any CPU.Deploy.0 = Debug|x86
		{5FD59525-3806-46E1-84DD-63C32BFFCE30}.Ad-Hoc|ARM.ActiveCfg = Debug|ARM
		{5FD59525-3806-46E1-84DD-63C32BFFCE30}.Ad-Hoc|ARM.Build.0 = Debug|ARM
		{5FD59525-3806-46E1-84DD-63C32BFFCE30}.Ad-Hoc|ARM.Deploy.0 = Debug|ARM
		{5FD59525-3806-46E1-84DD-63C32BFFCE30}.Ad-Hoc|ARM64.ActiveCfg = Debug|ARM64
		{5FD59525-3806-46E1-84DD-63C32BFFCE30}.Ad-Hoc|ARM64.Build.0 = Debug|ARM64
		{5FD59525-3806-46E1-84DD-63C32BFFCE30}.Ad-Hoc|ARM64.Deploy.0 = Debug|ARM64
		{5FD59525-3806-46E1-84DD-63C32BFFCE30}.Ad-Hoc|iPhone.ActiveCfg = Debug|x86
		{5FD59525-3806-46E1-84DD-63C32BFFCE30}.Ad-Hoc|iPhone.Build.0 = Debug|x86
		{5FD59525-3806-46E1-84DD-63C32BFFCE30}.Ad-Hoc|iPhone.Deploy.0 = Debug|x86
		{5FD59525-3806-46E1-84DD-63C32BFFCE30}.Ad-Hoc|iPhoneSimulator.ActiveCfg = Debug|x86
		{5FD59525-3806-46E1-84DD-63C32BFFCE30}.Ad-Hoc|iPhoneSimulator.Build.0 = Debug|x86
		{5FD59525-3806-46E1-84DD-63C32BFFCE30}.Ad-Hoc|iPhoneSimulator.Deploy.0 = Debug|x86
		{5FD59525-3806-46E1-84DD-63C32BFFCE30}.Ad-Hoc|x64.ActiveCfg = Debug|x64
		{5FD59525-3806-46E1-84DD-63C32BFFCE30}.Ad-Hoc|x64.Build.0 = Debug|x64
		{5FD59525-3806-46E1-84DD-63C32BFFCE30}.Ad-Hoc|x64.Deploy.0 = Debug|x64
		{5FD59525-3806-46E1-84DD-63C32BFFCE30}.Ad-Hoc|x86.ActiveCfg = Debug|x86
		{5FD59525-3806-46E1-84DD-63C32BFFCE30}.Ad-Hoc|x86.Build.0 = Debug|x86
		{5FD59525-3806-46E1-84DD-63C32BFFCE30}.Ad-Hoc|x86.Deploy.0 = Debug|x86
		{5FD59525-3806-46E1-84DD-63C32BFFCE30}.AppStore|Any CPU.ActiveCfg = Debug|x86
		{5FD59525-3806-46E1-84DD-63C32BFFCE30}.AppStore|Any CPU.Build.0 = Debug|x86
		{5FD59525-3806-46E1-84DD-63C32BFFCE30}.AppStore|Any CPU.Deploy.0 = Debug|x86
		{5FD59525-3806-46E1-84DD-63C32BFFCE30}.AppStore|ARM.ActiveCfg = Debug|ARM
		{5FD59525-3806-46E1-84DD-63C32BFFCE30}.AppStore|ARM.Build.0 = Debug|ARM
		{5FD59525-3806-46E1-84DD-63C32BFFCE30}.AppStore|ARM.Deploy.0 = Debug|ARM
		{5FD59525-3806-46E1-84DD-63C32BFFCE30}.AppStore|ARM64.ActiveCfg = Debug|ARM64
		{5FD59525-3806-46E1-84DD-63C32BFFCE30}.AppStore|ARM64.Build.0 = Debug|ARM64
		{5FD59525-3806-46E1-84DD-63C32BFFCE30}.AppStore|ARM64.Deploy.0 = Debug|ARM64
		{5FD59525-3806-46E1-84DD-63C32BFFCE30}.AppStore|iPhone.ActiveCfg = Debug|x86
		{5FD59525-3806-46E1-84DD-63C32BFFCE30}.AppStore|iPhone.Build.0 = Debug|x86
		{5FD59525-3806-46E1-84DD-63C32BFFCE30}.AppStore|iPhone.Deploy.0 = Debug|x86
		{5FD59525-3806-46E1-84DD-63C32BFFCE30}.AppStore|iPhoneSimulator.ActiveCfg = Debug|x86
		{5FD59525-3806-46E1-84DD-63C32BFFCE30}.AppStore|iPhoneSimulator.Build.0 = Debug|x86
		{5FD59525-3806-46E1-84DD-63C32BFFCE30}.AppStore|iPhoneSimulator.Deploy.0 = Debug|x86
		{5FD59525-3806-46E1-84DD-63C32BFFCE30}.AppStore|x64.ActiveCfg = Debug|x64
		{5FD59525-3806-46E1-84DD-63C32BFFCE30}.AppStore|x64.Build.0 = Debug|x64
		{5FD59525-3806-46E1-84DD-63C32BFFCE30}.AppStore|x64.Deploy.0 = Debug|x64
		{5FD59525-3806-46E1-84DD-63C32BFFCE30}.AppStore|x86.ActiveCfg = Debug|x86
		{5FD59525-3806-46E1-84DD-63C32BFFCE30}.AppStore|x86.Build.0 = Debug|x86
		{5FD59525-3806-46E1-84DD-63C32BFFCE30}.AppStore|x86.Deploy.0 = Debug|x86
		{5FD59525-3806-46E1-84DD-63C32BFFCE30}.Debug|Any CPU.ActiveCfg = Debug|x86
		{5FD59525-3806-46E1-84DD-63C32BFFCE30}.Debug|Any CPU.Build.0 = Debug|x86
		{5FD59525-3806-46E1-84DD-63C32BFFCE30}.Debug|Any CPU.Deploy.0 = Debug|x86
		{5FD59525-3806-46E1-84DD-63C32BFFCE30}.Debug|ARM.ActiveCfg = Debug|ARM
		{5FD59525-3806-46E1-84DD-63C32BFFCE30}.Debug|ARM.Build.0 = Debug|ARM
		{5FD59525-3806-46E1-84DD-63C32BFFCE30}.Debug|ARM.Deploy.0 = Debug|ARM
		{5FD59525-3806-46E1-84DD-63C32BFFCE30}.Debug|ARM64.ActiveCfg = Debug|ARM64
		{5FD59525-3806-46E1-84DD-63C32BFFCE30}.Debug|ARM64.Build.0 = Debug|ARM64
		{5FD59525-3806-46E1-84DD-63C32BFFCE30}.Debug|ARM64.Deploy.0 = Debug|ARM64
		{5FD59525-3806-46E1-84DD-63C32BFFCE30}.Debug|iPhone.ActiveCfg = Debug|x86
		{5FD59525-3806-46E1-84DD-63C32BFFCE30}.Debug|iPhoneSimulator.ActiveCfg = Debug|x86
		{5FD59525-3806-46E1-84DD-63C32BFFCE30}.Debug|x64.ActiveCfg = Debug|x64
		{5FD59525-3806-46E1-84DD-63C32BFFCE30}.Debug|x64.Build.0 = Debug|x64
		{5FD59525-3806-46E1-84DD-63C32BFFCE30}.Debug|x64.Deploy.0 = Debug|x64
		{5FD59525-3806-46E1-84DD-63C32BFFCE30}.Debug|x86.ActiveCfg = Debug|x86
		{5FD59525-3806-46E1-84DD-63C32BFFCE30}.Debug|x86.Build.0 = Debug|x86
		{5FD59525-3806-46E1-84DD-63C32BFFCE30}.Debug|x86.Deploy.0 = Debug|x86
		{5FD59525-3806-46E1-84DD-63C32BFFCE30}.Release|Any CPU.ActiveCfg = Release|x86
		{5FD59525-3806-46E1-84DD-63C32BFFCE30}.Release|ARM.ActiveCfg = Release|ARM
		{5FD59525-3806-46E1-84DD-63C32BFFCE30}.Release|ARM.Build.0 = Release|ARM
		{5FD59525-3806-46E1-84DD-63C32BFFCE30}.Release|ARM.Deploy.0 = Release|ARM
		{5FD59525-3806-46E1-84DD-63C32BFFCE30}.Release|ARM64.ActiveCfg = Release|ARM64
		{5FD59525-3806-46E1-84DD-63C32BFFCE30}.Release|ARM64.Build.0 = Release|ARM64
		{5FD59525-3806-46E1-84DD-63C32BFFCE30}.Release|ARM64.Deploy.0 = Release|ARM64
		{5FD59525-3806-46E1-84DD-63C32BFFCE30}.Release|iPhone.ActiveCfg = Release|x86
		{5FD59525-3806-46E1-84DD-63C32BFFCE30}.Release|iPhoneSimulator.ActiveCfg = Release|x86
		{5FD59525-3806-46E1-84DD-63C32BFFCE30}.Release|x64.ActiveCfg = Release|x64
		{5FD59525-3806-46E1-84DD-63C32BFFCE30}.Release|x64.Build.0 = Release|x64
		{5FD59525-3806-46E1-84DD-63C32BFFCE30}.Release|x64.Deploy.0 = Release|x64
		{5FD59525-3806-46E1-84DD-63C32BFFCE30}.Release|x86.ActiveCfg = Release|x86
		{5FD59525-3806-46E1-84DD-63C32BFFCE30}.Release|x86.Build.0 = Release|x86
		{5FD59525-3806-46E1-84DD-63C32BFFCE30}.Release|x86.Deploy.0 = Release|x86
		{DAA1F70F-F262-4596-B207-923E2FD9EEF4}.Ad-Hoc|Any CPU.ActiveCfg = Debug|Any CPU
		{DAA1F70F-F262-4596-B207-923E2FD9EEF4}.Ad-Hoc|Any CPU.Build.0 = Debug|Any CPU
		{DAA1F70F-F262-4596-B207-923E2FD9EEF4}.Ad-Hoc|ARM.ActiveCfg = Debug|Any CPU
		{DAA1F70F-F262-4596-B207-923E2FD9EEF4}.Ad-Hoc|ARM.Build.0 = Debug|Any CPU
		{DAA1F70F-F262-4596-B207-923E2FD9EEF4}.Ad-Hoc|ARM64.ActiveCfg = Debug|Any CPU
		{DAA1F70F-F262-4596-B207-923E2FD9EEF4}.Ad-Hoc|ARM64.Build.0 = Debug|Any CPU
		{DAA1F70F-F262-4596-B207-923E2FD9EEF4}.Ad-Hoc|iPhone.ActiveCfg = Debug|Any CPU
		{DAA1F70F-F262-4596-B207-923E2FD9EEF4}.Ad-Hoc|iPhone.Build.0 = Debug|Any CPU
		{DAA1F70F-F262-4596-B207-923E2FD9EEF4}.Ad-Hoc|iPhoneSimulator.ActiveCfg = Debug|Any CPU
		{DAA1F70F-F262-4596-B207-923E2FD9EEF4}.Ad-Hoc|iPhoneSimulator.Build.0 = Debug|Any CPU
		{DAA1F70F-F262-4596-B207-923E2FD9EEF4}.Ad-Hoc|x64.ActiveCfg = Debug|Any CPU
		{DAA1F70F-F262-4596-B207-923E2FD9EEF4}.Ad-Hoc|x64.Build.0 = Debug|Any CPU
		{DAA1F70F-F262-4596-B207-923E2FD9EEF4}.Ad-Hoc|x86.ActiveCfg = Debug|Any CPU
		{DAA1F70F-F262-4596-B207-923E2FD9EEF4}.Ad-Hoc|x86.Build.0 = Debug|Any CPU
		{DAA1F70F-F262-4596-B207-923E2FD9EEF4}.AppStore|Any CPU.ActiveCfg = Debug|Any CPU
		{DAA1F70F-F262-4596-B207-923E2FD9EEF4}.AppStore|Any CPU.Build.0 = Debug|Any CPU
		{DAA1F70F-F262-4596-B207-923E2FD9EEF4}.AppStore|ARM.ActiveCfg = Debug|Any CPU
		{DAA1F70F-F262-4596-B207-923E2FD9EEF4}.AppStore|ARM.Build.0 = Debug|Any CPU
		{DAA1F70F-F262-4596-B207-923E2FD9EEF4}.AppStore|ARM64.ActiveCfg = Debug|Any CPU
		{DAA1F70F-F262-4596-B207-923E2FD9EEF4}.AppStore|ARM64.Build.0 = Debug|Any CPU
		{DAA1F70F-F262-4596-B207-923E2FD9EEF4}.AppStore|iPhone.ActiveCfg = Debug|Any CPU
		{DAA1F70F-F262-4596-B207-923E2FD9EEF4}.AppStore|iPhone.Build.0 = Debug|Any CPU
		{DAA1F70F-F262-4596-B207-923E2FD9EEF4}.AppStore|iPhoneSimulator.ActiveCfg = Debug|Any CPU
		{DAA1F70F-F262-4596-B207-923E2FD9EEF4}.AppStore|iPhoneSimulator.Build.0 = Debug|Any CPU
		{DAA1F70F-F262-4596-B207-923E2FD9EEF4}.AppStore|x64.ActiveCfg = Debug|Any CPU
		{DAA1F70F-F262-4596-B207-923E2FD9EEF4}.AppStore|x64.Build.0 = Debug|Any CPU
		{DAA1F70F-F262-4596-B207-923E2FD9EEF4}.AppStore|x86.ActiveCfg = Debug|Any CPU
		{DAA1F70F-F262-4596-B207-923E2FD9EEF4}.AppStore|x86.Build.0 = Debug|Any CPU
		{DAA1F70F-F262-4596-B207-923E2FD9EEF4}.Debug|Any CPU.ActiveCfg = Debug|Any CPU
		{DAA1F70F-F262-4596-B207-923E2FD9EEF4}.Debug|Any CPU.Build.0 = Debug|Any CPU
		{DAA1F70F-F262-4596-B207-923E2FD9EEF4}.Debug|ARM.ActiveCfg = Debug|Any CPU
		{DAA1F70F-F262-4596-B207-923E2FD9EEF4}.Debug|ARM.Build.0 = Debug|Any CPU
		{DAA1F70F-F262-4596-B207-923E2FD9EEF4}.Debug|ARM64.ActiveCfg = Debug|Any CPU
		{DAA1F70F-F262-4596-B207-923E2FD9EEF4}.Debug|ARM64.Build.0 = Debug|Any CPU
		{DAA1F70F-F262-4596-B207-923E2FD9EEF4}.Debug|iPhone.ActiveCfg = Debug|Any CPU
		{DAA1F70F-F262-4596-B207-923E2FD9EEF4}.Debug|iPhone.Build.0 = Debug|Any CPU
		{DAA1F70F-F262-4596-B207-923E2FD9EEF4}.Debug|iPhoneSimulator.ActiveCfg = Debug|Any CPU
		{DAA1F70F-F262-4596-B207-923E2FD9EEF4}.Debug|iPhoneSimulator.Build.0 = Debug|Any CPU
		{DAA1F70F-F262-4596-B207-923E2FD9EEF4}.Debug|x64.ActiveCfg = Debug|Any CPU
		{DAA1F70F-F262-4596-B207-923E2FD9EEF4}.Debug|x64.Build.0 = Debug|Any CPU
		{DAA1F70F-F262-4596-B207-923E2FD9EEF4}.Debug|x86.ActiveCfg = Debug|Any CPU
		{DAA1F70F-F262-4596-B207-923E2FD9EEF4}.Debug|x86.Build.0 = Debug|Any CPU
		{DAA1F70F-F262-4596-B207-923E2FD9EEF4}.Release|Any CPU.ActiveCfg = Release|Any CPU
		{DAA1F70F-F262-4596-B207-923E2FD9EEF4}.Release|Any CPU.Build.0 = Release|Any CPU
		{DAA1F70F-F262-4596-B207-923E2FD9EEF4}.Release|ARM.ActiveCfg = Release|Any CPU
		{DAA1F70F-F262-4596-B207-923E2FD9EEF4}.Release|ARM.Build.0 = Release|Any CPU
		{DAA1F70F-F262-4596-B207-923E2FD9EEF4}.Release|ARM64.ActiveCfg = Release|Any CPU
		{DAA1F70F-F262-4596-B207-923E2FD9EEF4}.Release|ARM64.Build.0 = Release|Any CPU
		{DAA1F70F-F262-4596-B207-923E2FD9EEF4}.Release|iPhone.ActiveCfg = Release|Any CPU
		{DAA1F70F-F262-4596-B207-923E2FD9EEF4}.Release|iPhone.Build.0 = Release|Any CPU
		{DAA1F70F-F262-4596-B207-923E2FD9EEF4}.Release|iPhoneSimulator.ActiveCfg = Release|Any CPU
		{DAA1F70F-F262-4596-B207-923E2FD9EEF4}.Release|iPhoneSimulator.Build.0 = Release|Any CPU
		{DAA1F70F-F262-4596-B207-923E2FD9EEF4}.Release|x64.ActiveCfg = Release|Any CPU
		{DAA1F70F-F262-4596-B207-923E2FD9EEF4}.Release|x64.Build.0 = Release|Any CPU
		{DAA1F70F-F262-4596-B207-923E2FD9EEF4}.Release|x86.ActiveCfg = Release|Any CPU
		{DAA1F70F-F262-4596-B207-923E2FD9EEF4}.Release|x86.Build.0 = Release|Any CPU
		{C1942F23-2D8F-4ECA-A208-7CEAD48DFFC3}.Ad-Hoc|Any CPU.ActiveCfg = Debug|Any CPU
		{C1942F23-2D8F-4ECA-A208-7CEAD48DFFC3}.Ad-Hoc|Any CPU.Build.0 = Debug|Any CPU
		{C1942F23-2D8F-4ECA-A208-7CEAD48DFFC3}.Ad-Hoc|ARM.ActiveCfg = Debug|Any CPU
		{C1942F23-2D8F-4ECA-A208-7CEAD48DFFC3}.Ad-Hoc|ARM.Build.0 = Debug|Any CPU
		{C1942F23-2D8F-4ECA-A208-7CEAD48DFFC3}.Ad-Hoc|ARM64.ActiveCfg = Debug|Any CPU
		{C1942F23-2D8F-4ECA-A208-7CEAD48DFFC3}.Ad-Hoc|ARM64.Build.0 = Debug|Any CPU
		{C1942F23-2D8F-4ECA-A208-7CEAD48DFFC3}.Ad-Hoc|iPhone.ActiveCfg = Debug|Any CPU
		{C1942F23-2D8F-4ECA-A208-7CEAD48DFFC3}.Ad-Hoc|iPhone.Build.0 = Debug|Any CPU
		{C1942F23-2D8F-4ECA-A208-7CEAD48DFFC3}.Ad-Hoc|iPhoneSimulator.ActiveCfg = Debug|Any CPU
		{C1942F23-2D8F-4ECA-A208-7CEAD48DFFC3}.Ad-Hoc|iPhoneSimulator.Build.0 = Debug|Any CPU
		{C1942F23-2D8F-4ECA-A208-7CEAD48DFFC3}.Ad-Hoc|x64.ActiveCfg = Debug|Any CPU
		{C1942F23-2D8F-4ECA-A208-7CEAD48DFFC3}.Ad-Hoc|x64.Build.0 = Debug|Any CPU
		{C1942F23-2D8F-4ECA-A208-7CEAD48DFFC3}.Ad-Hoc|x86.ActiveCfg = Debug|Any CPU
		{C1942F23-2D8F-4ECA-A208-7CEAD48DFFC3}.Ad-Hoc|x86.Build.0 = Debug|Any CPU
		{C1942F23-2D8F-4ECA-A208-7CEAD48DFFC3}.AppStore|Any CPU.ActiveCfg = Debug|Any CPU
		{C1942F23-2D8F-4ECA-A208-7CEAD48DFFC3}.AppStore|Any CPU.Build.0 = Debug|Any CPU
		{C1942F23-2D8F-4ECA-A208-7CEAD48DFFC3}.AppStore|ARM.ActiveCfg = Debug|Any CPU
		{C1942F23-2D8F-4ECA-A208-7CEAD48DFFC3}.AppStore|ARM.Build.0 = Debug|Any CPU
		{C1942F23-2D8F-4ECA-A208-7CEAD48DFFC3}.AppStore|ARM64.ActiveCfg = Debug|Any CPU
		{C1942F23-2D8F-4ECA-A208-7CEAD48DFFC3}.AppStore|ARM64.Build.0 = Debug|Any CPU
		{C1942F23-2D8F-4ECA-A208-7CEAD48DFFC3}.AppStore|iPhone.ActiveCfg = Debug|Any CPU
		{C1942F23-2D8F-4ECA-A208-7CEAD48DFFC3}.AppStore|iPhone.Build.0 = Debug|Any CPU
		{C1942F23-2D8F-4ECA-A208-7CEAD48DFFC3}.AppStore|iPhoneSimulator.ActiveCfg = Debug|Any CPU
		{C1942F23-2D8F-4ECA-A208-7CEAD48DFFC3}.AppStore|iPhoneSimulator.Build.0 = Debug|Any CPU
		{C1942F23-2D8F-4ECA-A208-7CEAD48DFFC3}.AppStore|x64.ActiveCfg = Debug|Any CPU
		{C1942F23-2D8F-4ECA-A208-7CEAD48DFFC3}.AppStore|x64.Build.0 = Debug|Any CPU
		{C1942F23-2D8F-4ECA-A208-7CEAD48DFFC3}.AppStore|x86.ActiveCfg = Debug|Any CPU
		{C1942F23-2D8F-4ECA-A208-7CEAD48DFFC3}.AppStore|x86.Build.0 = Debug|Any CPU
		{C1942F23-2D8F-4ECA-A208-7CEAD48DFFC3}.Debug|Any CPU.ActiveCfg = Debug|Any CPU
		{C1942F23-2D8F-4ECA-A208-7CEAD48DFFC3}.Debug|Any CPU.Build.0 = Debug|Any CPU
		{C1942F23-2D8F-4ECA-A208-7CEAD48DFFC3}.Debug|ARM.ActiveCfg = Debug|Any CPU
		{C1942F23-2D8F-4ECA-A208-7CEAD48DFFC3}.Debug|ARM.Build.0 = Debug|Any CPU
		{C1942F23-2D8F-4ECA-A208-7CEAD48DFFC3}.Debug|ARM64.ActiveCfg = Debug|Any CPU
		{C1942F23-2D8F-4ECA-A208-7CEAD48DFFC3}.Debug|ARM64.Build.0 = Debug|Any CPU
		{C1942F23-2D8F-4ECA-A208-7CEAD48DFFC3}.Debug|iPhone.ActiveCfg = Debug|Any CPU
		{C1942F23-2D8F-4ECA-A208-7CEAD48DFFC3}.Debug|iPhone.Build.0 = Debug|Any CPU
		{C1942F23-2D8F-4ECA-A208-7CEAD48DFFC3}.Debug|iPhoneSimulator.ActiveCfg = Debug|Any CPU
		{C1942F23-2D8F-4ECA-A208-7CEAD48DFFC3}.Debug|iPhoneSimulator.Build.0 = Debug|Any CPU
		{C1942F23-2D8F-4ECA-A208-7CEAD48DFFC3}.Debug|x64.ActiveCfg = Debug|Any CPU
		{C1942F23-2D8F-4ECA-A208-7CEAD48DFFC3}.Debug|x64.Build.0 = Debug|Any CPU
		{C1942F23-2D8F-4ECA-A208-7CEAD48DFFC3}.Debug|x86.ActiveCfg = Debug|Any CPU
		{C1942F23-2D8F-4ECA-A208-7CEAD48DFFC3}.Debug|x86.Build.0 = Debug|Any CPU
		{C1942F23-2D8F-4ECA-A208-7CEAD48DFFC3}.Release|Any CPU.ActiveCfg = Release|Any CPU
		{C1942F23-2D8F-4ECA-A208-7CEAD48DFFC3}.Release|Any CPU.Build.0 = Release|Any CPU
		{C1942F23-2D8F-4ECA-A208-7CEAD48DFFC3}.Release|ARM.ActiveCfg = Release|Any CPU
		{C1942F23-2D8F-4ECA-A208-7CEAD48DFFC3}.Release|ARM.Build.0 = Release|Any CPU
		{C1942F23-2D8F-4ECA-A208-7CEAD48DFFC3}.Release|ARM64.ActiveCfg = Release|Any CPU
		{C1942F23-2D8F-4ECA-A208-7CEAD48DFFC3}.Release|ARM64.Build.0 = Release|Any CPU
		{C1942F23-2D8F-4ECA-A208-7CEAD48DFFC3}.Release|iPhone.ActiveCfg = Release|Any CPU
		{C1942F23-2D8F-4ECA-A208-7CEAD48DFFC3}.Release|iPhone.Build.0 = Release|Any CPU
		{C1942F23-2D8F-4ECA-A208-7CEAD48DFFC3}.Release|iPhoneSimulator.ActiveCfg = Release|Any CPU
		{C1942F23-2D8F-4ECA-A208-7CEAD48DFFC3}.Release|iPhoneSimulator.Build.0 = Release|Any CPU
		{C1942F23-2D8F-4ECA-A208-7CEAD48DFFC3}.Release|x64.ActiveCfg = Release|Any CPU
		{C1942F23-2D8F-4ECA-A208-7CEAD48DFFC3}.Release|x64.Build.0 = Release|Any CPU
		{C1942F23-2D8F-4ECA-A208-7CEAD48DFFC3}.Release|x86.ActiveCfg = Release|Any CPU
		{C1942F23-2D8F-4ECA-A208-7CEAD48DFFC3}.Release|x86.Build.0 = Release|Any CPU
		{AD6F9467-BFF1-4DFE-8818-1AEBC505C0E1}.Ad-Hoc|Any CPU.ActiveCfg = Debug|Any CPU
		{AD6F9467-BFF1-4DFE-8818-1AEBC505C0E1}.Ad-Hoc|Any CPU.Build.0 = Debug|Any CPU
		{AD6F9467-BFF1-4DFE-8818-1AEBC505C0E1}.Ad-Hoc|ARM.ActiveCfg = Debug|Any CPU
		{AD6F9467-BFF1-4DFE-8818-1AEBC505C0E1}.Ad-Hoc|ARM.Build.0 = Debug|Any CPU
		{AD6F9467-BFF1-4DFE-8818-1AEBC505C0E1}.Ad-Hoc|ARM64.ActiveCfg = Debug|Any CPU
		{AD6F9467-BFF1-4DFE-8818-1AEBC505C0E1}.Ad-Hoc|ARM64.Build.0 = Debug|Any CPU
		{AD6F9467-BFF1-4DFE-8818-1AEBC505C0E1}.Ad-Hoc|iPhone.ActiveCfg = Debug|Any CPU
		{AD6F9467-BFF1-4DFE-8818-1AEBC505C0E1}.Ad-Hoc|iPhone.Build.0 = Debug|Any CPU
		{AD6F9467-BFF1-4DFE-8818-1AEBC505C0E1}.Ad-Hoc|iPhoneSimulator.ActiveCfg = Debug|Any CPU
		{AD6F9467-BFF1-4DFE-8818-1AEBC505C0E1}.Ad-Hoc|iPhoneSimulator.Build.0 = Debug|Any CPU
		{AD6F9467-BFF1-4DFE-8818-1AEBC505C0E1}.Ad-Hoc|x64.ActiveCfg = Debug|Any CPU
		{AD6F9467-BFF1-4DFE-8818-1AEBC505C0E1}.Ad-Hoc|x64.Build.0 = Debug|Any CPU
		{AD6F9467-BFF1-4DFE-8818-1AEBC505C0E1}.Ad-Hoc|x86.ActiveCfg = Debug|Any CPU
		{AD6F9467-BFF1-4DFE-8818-1AEBC505C0E1}.Ad-Hoc|x86.Build.0 = Debug|Any CPU
		{AD6F9467-BFF1-4DFE-8818-1AEBC505C0E1}.AppStore|Any CPU.ActiveCfg = Debug|Any CPU
		{AD6F9467-BFF1-4DFE-8818-1AEBC505C0E1}.AppStore|Any CPU.Build.0 = Debug|Any CPU
		{AD6F9467-BFF1-4DFE-8818-1AEBC505C0E1}.AppStore|ARM.ActiveCfg = Debug|Any CPU
		{AD6F9467-BFF1-4DFE-8818-1AEBC505C0E1}.AppStore|ARM.Build.0 = Debug|Any CPU
		{AD6F9467-BFF1-4DFE-8818-1AEBC505C0E1}.AppStore|ARM64.ActiveCfg = Debug|Any CPU
		{AD6F9467-BFF1-4DFE-8818-1AEBC505C0E1}.AppStore|ARM64.Build.0 = Debug|Any CPU
		{AD6F9467-BFF1-4DFE-8818-1AEBC505C0E1}.AppStore|iPhone.ActiveCfg = Debug|Any CPU
		{AD6F9467-BFF1-4DFE-8818-1AEBC505C0E1}.AppStore|iPhone.Build.0 = Debug|Any CPU
		{AD6F9467-BFF1-4DFE-8818-1AEBC505C0E1}.AppStore|iPhoneSimulator.ActiveCfg = Debug|Any CPU
		{AD6F9467-BFF1-4DFE-8818-1AEBC505C0E1}.AppStore|iPhoneSimulator.Build.0 = Debug|Any CPU
		{AD6F9467-BFF1-4DFE-8818-1AEBC505C0E1}.AppStore|x64.ActiveCfg = Debug|Any CPU
		{AD6F9467-BFF1-4DFE-8818-1AEBC505C0E1}.AppStore|x64.Build.0 = Debug|Any CPU
		{AD6F9467-BFF1-4DFE-8818-1AEBC505C0E1}.AppStore|x86.ActiveCfg = Debug|Any CPU
		{AD6F9467-BFF1-4DFE-8818-1AEBC505C0E1}.AppStore|x86.Build.0 = Debug|Any CPU
		{AD6F9467-BFF1-4DFE-8818-1AEBC505C0E1}.Debug|Any CPU.ActiveCfg = Debug|Any CPU
		{AD6F9467-BFF1-4DFE-8818-1AEBC505C0E1}.Debug|Any CPU.Build.0 = Debug|Any CPU
		{AD6F9467-BFF1-4DFE-8818-1AEBC505C0E1}.Debug|ARM.ActiveCfg = Debug|Any CPU
		{AD6F9467-BFF1-4DFE-8818-1AEBC505C0E1}.Debug|ARM.Build.0 = Debug|Any CPU
		{AD6F9467-BFF1-4DFE-8818-1AEBC505C0E1}.Debug|ARM64.ActiveCfg = Debug|Any CPU
		{AD6F9467-BFF1-4DFE-8818-1AEBC505C0E1}.Debug|ARM64.Build.0 = Debug|Any CPU
		{AD6F9467-BFF1-4DFE-8818-1AEBC505C0E1}.Debug|iPhone.ActiveCfg = Debug|Any CPU
		{AD6F9467-BFF1-4DFE-8818-1AEBC505C0E1}.Debug|iPhone.Build.0 = Debug|Any CPU
		{AD6F9467-BFF1-4DFE-8818-1AEBC505C0E1}.Debug|iPhoneSimulator.ActiveCfg = Debug|Any CPU
		{AD6F9467-BFF1-4DFE-8818-1AEBC505C0E1}.Debug|iPhoneSimulator.Build.0 = Debug|Any CPU
		{AD6F9467-BFF1-4DFE-8818-1AEBC505C0E1}.Debug|x64.ActiveCfg = Debug|Any CPU
		{AD6F9467-BFF1-4DFE-8818-1AEBC505C0E1}.Debug|x64.Build.0 = Debug|Any CPU
		{AD6F9467-BFF1-4DFE-8818-1AEBC505C0E1}.Debug|x86.ActiveCfg = Debug|Any CPU
		{AD6F9467-BFF1-4DFE-8818-1AEBC505C0E1}.Debug|x86.Build.0 = Debug|Any CPU
		{AD6F9467-BFF1-4DFE-8818-1AEBC505C0E1}.Release|Any CPU.ActiveCfg = Release|Any CPU
		{AD6F9467-BFF1-4DFE-8818-1AEBC505C0E1}.Release|Any CPU.Build.0 = Release|Any CPU
		{AD6F9467-BFF1-4DFE-8818-1AEBC505C0E1}.Release|ARM.ActiveCfg = Release|Any CPU
		{AD6F9467-BFF1-4DFE-8818-1AEBC505C0E1}.Release|ARM.Build.0 = Release|Any CPU
		{AD6F9467-BFF1-4DFE-8818-1AEBC505C0E1}.Release|ARM64.ActiveCfg = Release|Any CPU
		{AD6F9467-BFF1-4DFE-8818-1AEBC505C0E1}.Release|ARM64.Build.0 = Release|Any CPU
		{AD6F9467-BFF1-4DFE-8818-1AEBC505C0E1}.Release|iPhone.ActiveCfg = Release|Any CPU
		{AD6F9467-BFF1-4DFE-8818-1AEBC505C0E1}.Release|iPhone.Build.0 = Release|Any CPU
		{AD6F9467-BFF1-4DFE-8818-1AEBC505C0E1}.Release|iPhoneSimulator.ActiveCfg = Release|Any CPU
		{AD6F9467-BFF1-4DFE-8818-1AEBC505C0E1}.Release|iPhoneSimulator.Build.0 = Release|Any CPU
		{AD6F9467-BFF1-4DFE-8818-1AEBC505C0E1}.Release|x64.ActiveCfg = Release|Any CPU
		{AD6F9467-BFF1-4DFE-8818-1AEBC505C0E1}.Release|x64.Build.0 = Release|Any CPU
		{AD6F9467-BFF1-4DFE-8818-1AEBC505C0E1}.Release|x86.ActiveCfg = Release|Any CPU
		{AD6F9467-BFF1-4DFE-8818-1AEBC505C0E1}.Release|x86.Build.0 = Release|Any CPU
	EndGlobalSection
	GlobalSection(SolutionProperties) = preSolution
		HideSolutionNode = FALSE
	EndGlobalSection
	GlobalSection(NestedProjects) = preSolution
		{6279C845-92F8-4333-AB99-3D213163593C} = {508E87FF-781A-43A8-B059-71936D8105B2}
		{57C79F15-35F5-4FED-8A4F-3D8BA235FD5C} = {508E87FF-781A-43A8-B059-71936D8105B2}
		{46F35095-12D6-4960-AA4F-7E2D7CD3981F} = {508E87FF-781A-43A8-B059-71936D8105B2}
		{0E752143-6BB4-477C-9016-08ECC5B3A2FB} = {508E87FF-781A-43A8-B059-71936D8105B2}
		{44AA17EB-24F4-4D35-A0F3-2694A949FD54} = {508E87FF-781A-43A8-B059-71936D8105B2}
		{640F7419-73FE-497B-A6FE-0AA1872AE7C0} = {508E87FF-781A-43A8-B059-71936D8105B2}
		{32E7A59F-1805-4FBF-A119-D91F50E7E65B} = {508E87FF-781A-43A8-B059-71936D8105B2}
		{6ED68706-48FF-48FF-9FA9-F0950973763D} = {508E87FF-781A-43A8-B059-71936D8105B2}
		{5FD59525-3806-46E1-84DD-63C32BFFCE30} = {508E87FF-781A-43A8-B059-71936D8105B2}
		{DAA1F70F-F262-4596-B207-923E2FD9EEF4} = {508E87FF-781A-43A8-B059-71936D8105B2}
	EndGlobalSection
	GlobalSection(ExtensibilityGlobals) = postSolution
		SolutionGuid = {B96E9E78-1D5D-4164-B1F3-57C322EA25A3}
	EndGlobalSection
EndGlobal
